
Microsoft Visual Studio Solution File, Format Version 12.00
# Visual Studio Version 16
VisualStudioVersion = 16.0.29806.167
MinimumVisualStudioVersion = 10.0.40219.1
Project("{2150E333-8FDC-42A3-9474-1A3956D46DE8}") = "1.Aplicacion", "1.Aplicacion", "{50E2647E-C730-49BE-8BB2-1CBCD8A14B9F}"
EndProject
Project("{2150E333-8FDC-42A3-9474-1A3956D46DE8}") = "2.Presentacion", "2.Presentacion", "{5FFF4872-B875-4B4F-BE9A-87F588B53E61}"
	ProjectSection(SolutionItems) = preProject
		Marfil.App.WebMain\Views\Shared\Header\_empresa.cshtml = Marfil.App.WebMain\Views\Shared\Header\_empresa.cshtml
	EndProjectSection
EndProject
Project("{2150E333-8FDC-42A3-9474-1A3956D46DE8}") = "3.Dominio", "3.Dominio", "{807AEA26-BD93-4B53-AD80-41D391C666BC}"
EndProject
Project("{2150E333-8FDC-42A3-9474-1A3956D46DE8}") = "4.Infraestructura", "4.Infraestructura", "{3079BEE4-3FEA-4210-AE6F-9093D044E4C0}"
EndProject
Project("{FAE04EC0-301F-11D3-BF4B-00C04F79EFBC}") = "Marfil.Dom.Persistencia", "Marfil.Dom.Persistencia\Marfil.Dom.Persistencia.csproj", "{05B45CAD-4AA8-4DA5-A87C-F0F918114A26}"
EndProject
Project("{FAE04EC0-301F-11D3-BF4B-00C04F79EFBC}") = "Marfil.App.WebMain", "Marfil.App.WebMain\Marfil.App.WebMain.csproj", "{4A84430E-751E-4A57-8779-6E989F778C3A}"
EndProject
Project("{FAE04EC0-301F-11D3-BF4B-00C04F79EFBC}") = "Marfil.Dom.Campoverificacion", "Marfil.Dom.Campoverificacion\Marfil.Dom.Campoverificacion.csproj", "{F4B6CC7E-CF15-4E25-BBAF-86CFFD667821}"
EndProject
Project("{FAE04EC0-301F-11D3-BF4B-00C04F79EFBC}") = "Marfil.Inf.Genericos", "Marfil.Inf.Genericos\Marfil.Inf.Genericos.csproj", "{A6E67FCF-2188-4C07-8C0C-F9E94F054D20}"
EndProject
Project("{2150E333-8FDC-42A3-9474-1A3956D46DE8}") = "5. Ejemplos", "5. Ejemplos", "{C74D38F3-579D-4750-82AE-8D1C36596143}"
EndProject
Project("{FAE04EC0-301F-11D3-BF4B-00C04F79EFBC}") = "Marfil.Dom.ControlsUI", "Marfil.Dom.ControlsUI\Marfil.Dom.ControlsUI.csproj", "{7C03697D-141D-471C-A9A6-F9497BB9D7DC}"
EndProject
Project("{FAE04EC0-301F-11D3-BF4B-00C04F79EFBC}") = "Marfil.Inf.ResourcesGlobalization", "Marfil.Inf.ResourcesGlobalization\Marfil.Inf.ResourcesGlobalization.csproj", "{51AC93D0-ED0F-4C46-BE6A-BB06C8F5C4F7}"
EndProject
Project("{FAE04EC0-301F-11D3-BF4B-00C04F79EFBC}") = "Marfil.Dom.Persistencia_UT", "Marfil.Dom.Persistencia_UT\Marfil.Dom.Persistencia_UT.csproj", "{0F590BB4-E818-4A30-8AE0-A0D0895E5C92}"
EndProject
Project("{FAE04EC0-301F-11D3-BF4B-00C04F79EFBC}") = "Marfil.App.ConfiguracionAyuda", "Marfil.App.ConfiguracionAyuda\Marfil.App.ConfiguracionAyuda.csproj", "{9BFE13A6-F5D9-41F7-B3ED-32CC890BBC75}"
EndProject
Project("{FAE04EC0-301F-11D3-BF4B-00C04F79EFBC}") = "Marfil.Pre.Ficheros", "Marfil.Pre.Ficheros\Marfil.Pre.Ficheros.csproj", "{7EE43124-0088-40B5-B777-DD164CA282DF}"
EndProject
Project("{FAE04EC0-301F-11D3-BF4B-00C04F79EFBC}") = "Marfil.App.ExportarDatos", "Marfil.App.ExportarDatos\Marfil.App.ExportarDatos.csproj", "{FC7A5ACD-EF6B-4621-98C0-853B0F11BE9D}"
EndProject
Project("{FAE04EC0-301F-11D3-BF4B-00C04F79EFBC}") = "Marfil.App.TestGenerator", "Marfil.App.TestGenerator\Marfil.App.TestGenerator.csproj", "{D4026400-7BAB-451D-BA33-D80283E6D48A}"
EndProject
Global
	GlobalSection(SolutionConfigurationPlatforms) = preSolution
		Ad-Hoc|Any CPU = Ad-Hoc|Any CPU
		Ad-Hoc|ARM = Ad-Hoc|ARM
		Ad-Hoc|iPhone = Ad-Hoc|iPhone
		Ad-Hoc|iPhoneSimulator = Ad-Hoc|iPhoneSimulator
		Ad-Hoc|x64 = Ad-Hoc|x64
		Ad-Hoc|x86 = Ad-Hoc|x86
		AppStore|Any CPU = AppStore|Any CPU
		AppStore|ARM = AppStore|ARM
		AppStore|iPhone = AppStore|iPhone
		AppStore|iPhoneSimulator = AppStore|iPhoneSimulator
		AppStore|x64 = AppStore|x64
		AppStore|x86 = AppStore|x86
		Azure|Any CPU = Azure|Any CPU
		Azure|ARM = Azure|ARM
		Azure|iPhone = Azure|iPhone
		Azure|iPhoneSimulator = Azure|iPhoneSimulator
		Azure|x64 = Azure|x64
		Azure|x86 = Azure|x86
		Debug|Any CPU = Debug|Any CPU
		Debug|ARM = Debug|ARM
		Debug|iPhone = Debug|iPhone
		Debug|iPhoneSimulator = Debug|iPhoneSimulator
		Debug|x64 = Debug|x64
		Debug|x86 = Debug|x86
		localhost|Any CPU = localhost|Any CPU
		localhost|ARM = localhost|ARM
		localhost|iPhone = localhost|iPhone
		localhost|iPhoneSimulator = localhost|iPhoneSimulator
		localhost|x64 = localhost|x64
		localhost|x86 = localhost|x86
		Release|Any CPU = Release|Any CPU
		Release|ARM = Release|ARM
		Release|iPhone = Release|iPhone
		Release|iPhoneSimulator = Release|iPhoneSimulator
		Release|x64 = Release|x64
		Release|x86 = Release|x86
		Subvencion|Any CPU = Subvencion|Any CPU
		Subvencion|ARM = Subvencion|ARM
		Subvencion|iPhone = Subvencion|iPhone
		Subvencion|iPhoneSimulator = Subvencion|iPhoneSimulator
		Subvencion|x64 = Subvencion|x64
		Subvencion|x86 = Subvencion|x86
	EndGlobalSection
	GlobalSection(ProjectConfigurationPlatforms) = postSolution
		{05B45CAD-4AA8-4DA5-A87C-F0F918114A26}.Ad-Hoc|Any CPU.ActiveCfg = Azure|Any CPU
		{05B45CAD-4AA8-4DA5-A87C-F0F918114A26}.Ad-Hoc|Any CPU.Build.0 = Azure|Any CPU
		{05B45CAD-4AA8-4DA5-A87C-F0F918114A26}.Ad-Hoc|ARM.ActiveCfg = Azure|Any CPU
		{05B45CAD-4AA8-4DA5-A87C-F0F918114A26}.Ad-Hoc|ARM.Build.0 = Azure|Any CPU
		{05B45CAD-4AA8-4DA5-A87C-F0F918114A26}.Ad-Hoc|iPhone.ActiveCfg = Azure|Any CPU
		{05B45CAD-4AA8-4DA5-A87C-F0F918114A26}.Ad-Hoc|iPhone.Build.0 = Azure|Any CPU
		{05B45CAD-4AA8-4DA5-A87C-F0F918114A26}.Ad-Hoc|iPhoneSimulator.ActiveCfg = Azure|Any CPU
		{05B45CAD-4AA8-4DA5-A87C-F0F918114A26}.Ad-Hoc|iPhoneSimulator.Build.0 = Azure|Any CPU
		{05B45CAD-4AA8-4DA5-A87C-F0F918114A26}.Ad-Hoc|x64.ActiveCfg = Azure|Any CPU
		{05B45CAD-4AA8-4DA5-A87C-F0F918114A26}.Ad-Hoc|x64.Build.0 = Azure|Any CPU
		{05B45CAD-4AA8-4DA5-A87C-F0F918114A26}.Ad-Hoc|x86.ActiveCfg = Azure|Any CPU
		{05B45CAD-4AA8-4DA5-A87C-F0F918114A26}.Ad-Hoc|x86.Build.0 = Azure|Any CPU
		{05B45CAD-4AA8-4DA5-A87C-F0F918114A26}.AppStore|Any CPU.ActiveCfg = Azure|Any CPU
		{05B45CAD-4AA8-4DA5-A87C-F0F918114A26}.AppStore|Any CPU.Build.0 = Azure|Any CPU
		{05B45CAD-4AA8-4DA5-A87C-F0F918114A26}.AppStore|ARM.ActiveCfg = Azure|Any CPU
		{05B45CAD-4AA8-4DA5-A87C-F0F918114A26}.AppStore|ARM.Build.0 = Azure|Any CPU
		{05B45CAD-4AA8-4DA5-A87C-F0F918114A26}.AppStore|iPhone.ActiveCfg = Azure|Any CPU
		{05B45CAD-4AA8-4DA5-A87C-F0F918114A26}.AppStore|iPhone.Build.0 = Azure|Any CPU
		{05B45CAD-4AA8-4DA5-A87C-F0F918114A26}.AppStore|iPhoneSimulator.ActiveCfg = Azure|Any CPU
		{05B45CAD-4AA8-4DA5-A87C-F0F918114A26}.AppStore|iPhoneSimulator.Build.0 = Azure|Any CPU
		{05B45CAD-4AA8-4DA5-A87C-F0F918114A26}.AppStore|x64.ActiveCfg = Azure|Any CPU
		{05B45CAD-4AA8-4DA5-A87C-F0F918114A26}.AppStore|x64.Build.0 = Azure|Any CPU
		{05B45CAD-4AA8-4DA5-A87C-F0F918114A26}.AppStore|x86.ActiveCfg = Azure|Any CPU
		{05B45CAD-4AA8-4DA5-A87C-F0F918114A26}.AppStore|x86.Build.0 = Azure|Any CPU
		{05B45CAD-4AA8-4DA5-A87C-F0F918114A26}.Azure|Any CPU.ActiveCfg = Azure|Any CPU
		{05B45CAD-4AA8-4DA5-A87C-F0F918114A26}.Azure|Any CPU.Build.0 = Azure|Any CPU
		{05B45CAD-4AA8-4DA5-A87C-F0F918114A26}.Azure|ARM.ActiveCfg = Azure|Any CPU
		{05B45CAD-4AA8-4DA5-A87C-F0F918114A26}.Azure|ARM.Build.0 = Azure|Any CPU
		{05B45CAD-4AA8-4DA5-A87C-F0F918114A26}.Azure|iPhone.ActiveCfg = Azure|Any CPU
		{05B45CAD-4AA8-4DA5-A87C-F0F918114A26}.Azure|iPhone.Build.0 = Azure|Any CPU
		{05B45CAD-4AA8-4DA5-A87C-F0F918114A26}.Azure|iPhoneSimulator.ActiveCfg = Azure|Any CPU
		{05B45CAD-4AA8-4DA5-A87C-F0F918114A26}.Azure|iPhoneSimulator.Build.0 = Azure|Any CPU
		{05B45CAD-4AA8-4DA5-A87C-F0F918114A26}.Azure|x64.ActiveCfg = Azure|Any CPU
		{05B45CAD-4AA8-4DA5-A87C-F0F918114A26}.Azure|x64.Build.0 = Azure|Any CPU
		{05B45CAD-4AA8-4DA5-A87C-F0F918114A26}.Azure|x86.ActiveCfg = Azure|Any CPU
		{05B45CAD-4AA8-4DA5-A87C-F0F918114A26}.Azure|x86.Build.0 = Azure|Any CPU
		{05B45CAD-4AA8-4DA5-A87C-F0F918114A26}.Debug|Any CPU.ActiveCfg = Debug|Any CPU
		{05B45CAD-4AA8-4DA5-A87C-F0F918114A26}.Debug|Any CPU.Build.0 = Debug|Any CPU
		{05B45CAD-4AA8-4DA5-A87C-F0F918114A26}.Debug|ARM.ActiveCfg = Debug|Any CPU
		{05B45CAD-4AA8-4DA5-A87C-F0F918114A26}.Debug|ARM.Build.0 = Debug|Any CPU
		{05B45CAD-4AA8-4DA5-A87C-F0F918114A26}.Debug|iPhone.ActiveCfg = Debug|Any CPU
		{05B45CAD-4AA8-4DA5-A87C-F0F918114A26}.Debug|iPhone.Build.0 = Debug|Any CPU
		{05B45CAD-4AA8-4DA5-A87C-F0F918114A26}.Debug|iPhoneSimulator.ActiveCfg = Debug|Any CPU
		{05B45CAD-4AA8-4DA5-A87C-F0F918114A26}.Debug|iPhoneSimulator.Build.0 = Debug|Any CPU
		{05B45CAD-4AA8-4DA5-A87C-F0F918114A26}.Debug|x64.ActiveCfg = Debug|Any CPU
		{05B45CAD-4AA8-4DA5-A87C-F0F918114A26}.Debug|x64.Build.0 = Debug|Any CPU
		{05B45CAD-4AA8-4DA5-A87C-F0F918114A26}.Debug|x86.ActiveCfg = Debug|Any CPU
		{05B45CAD-4AA8-4DA5-A87C-F0F918114A26}.Debug|x86.Build.0 = Debug|Any CPU
		{05B45CAD-4AA8-4DA5-A87C-F0F918114A26}.localhost|Any CPU.ActiveCfg = localhost|Any CPU
		{05B45CAD-4AA8-4DA5-A87C-F0F918114A26}.localhost|Any CPU.Build.0 = localhost|Any CPU
		{05B45CAD-4AA8-4DA5-A87C-F0F918114A26}.localhost|ARM.ActiveCfg = localhost|Any CPU
		{05B45CAD-4AA8-4DA5-A87C-F0F918114A26}.localhost|ARM.Build.0 = localhost|Any CPU
		{05B45CAD-4AA8-4DA5-A87C-F0F918114A26}.localhost|iPhone.ActiveCfg = localhost|Any CPU
		{05B45CAD-4AA8-4DA5-A87C-F0F918114A26}.localhost|iPhone.Build.0 = localhost|Any CPU
		{05B45CAD-4AA8-4DA5-A87C-F0F918114A26}.localhost|iPhoneSimulator.ActiveCfg = localhost|Any CPU
		{05B45CAD-4AA8-4DA5-A87C-F0F918114A26}.localhost|iPhoneSimulator.Build.0 = localhost|Any CPU
		{05B45CAD-4AA8-4DA5-A87C-F0F918114A26}.localhost|x64.ActiveCfg = localhost|Any CPU
		{05B45CAD-4AA8-4DA5-A87C-F0F918114A26}.localhost|x64.Build.0 = localhost|Any CPU
		{05B45CAD-4AA8-4DA5-A87C-F0F918114A26}.localhost|x86.ActiveCfg = localhost|Any CPU
		{05B45CAD-4AA8-4DA5-A87C-F0F918114A26}.localhost|x86.Build.0 = localhost|Any CPU
		{05B45CAD-4AA8-4DA5-A87C-F0F918114A26}.Release|Any CPU.ActiveCfg = Release|Any CPU
		{05B45CAD-4AA8-4DA5-A87C-F0F918114A26}.Release|Any CPU.Build.0 = Release|Any CPU
		{05B45CAD-4AA8-4DA5-A87C-F0F918114A26}.Release|ARM.ActiveCfg = Release|Any CPU
		{05B45CAD-4AA8-4DA5-A87C-F0F918114A26}.Release|ARM.Build.0 = Release|Any CPU
		{05B45CAD-4AA8-4DA5-A87C-F0F918114A26}.Release|iPhone.ActiveCfg = Release|Any CPU
		{05B45CAD-4AA8-4DA5-A87C-F0F918114A26}.Release|iPhone.Build.0 = Release|Any CPU
		{05B45CAD-4AA8-4DA5-A87C-F0F918114A26}.Release|iPhoneSimulator.ActiveCfg = Release|Any CPU
		{05B45CAD-4AA8-4DA5-A87C-F0F918114A26}.Release|iPhoneSimulator.Build.0 = Release|Any CPU
		{05B45CAD-4AA8-4DA5-A87C-F0F918114A26}.Release|x64.ActiveCfg = Release|Any CPU
		{05B45CAD-4AA8-4DA5-A87C-F0F918114A26}.Release|x64.Build.0 = Release|Any CPU
		{05B45CAD-4AA8-4DA5-A87C-F0F918114A26}.Release|x86.ActiveCfg = Release|Any CPU
		{05B45CAD-4AA8-4DA5-A87C-F0F918114A26}.Release|x86.Build.0 = Release|Any CPU
		{05B45CAD-4AA8-4DA5-A87C-F0F918114A26}.Subvencion|Any CPU.ActiveCfg = Subvencion|Any CPU
		{05B45CAD-4AA8-4DA5-A87C-F0F918114A26}.Subvencion|Any CPU.Build.0 = Subvencion|Any CPU
		{05B45CAD-4AA8-4DA5-A87C-F0F918114A26}.Subvencion|ARM.ActiveCfg = Subvencion|Any CPU
		{05B45CAD-4AA8-4DA5-A87C-F0F918114A26}.Subvencion|ARM.Build.0 = Subvencion|Any CPU
		{05B45CAD-4AA8-4DA5-A87C-F0F918114A26}.Subvencion|iPhone.ActiveCfg = Subvencion|Any CPU
		{05B45CAD-4AA8-4DA5-A87C-F0F918114A26}.Subvencion|iPhone.Build.0 = Subvencion|Any CPU
		{05B45CAD-4AA8-4DA5-A87C-F0F918114A26}.Subvencion|iPhoneSimulator.ActiveCfg = Subvencion|Any CPU
		{05B45CAD-4AA8-4DA5-A87C-F0F918114A26}.Subvencion|iPhoneSimulator.Build.0 = Subvencion|Any CPU
		{05B45CAD-4AA8-4DA5-A87C-F0F918114A26}.Subvencion|x64.ActiveCfg = Subvencion|Any CPU
		{05B45CAD-4AA8-4DA5-A87C-F0F918114A26}.Subvencion|x64.Build.0 = Subvencion|Any CPU
		{05B45CAD-4AA8-4DA5-A87C-F0F918114A26}.Subvencion|x86.ActiveCfg = Subvencion|Any CPU
		{05B45CAD-4AA8-4DA5-A87C-F0F918114A26}.Subvencion|x86.Build.0 = Subvencion|Any CPU
		{4A84430E-751E-4A57-8779-6E989F778C3A}.Ad-Hoc|Any CPU.ActiveCfg = Azure|Any CPU
		{4A84430E-751E-4A57-8779-6E989F778C3A}.Ad-Hoc|Any CPU.Build.0 = Azure|Any CPU
		{4A84430E-751E-4A57-8779-6E989F778C3A}.Ad-Hoc|ARM.ActiveCfg = Azure|Any CPU
		{4A84430E-751E-4A57-8779-6E989F778C3A}.Ad-Hoc|ARM.Build.0 = Azure|Any CPU
		{4A84430E-751E-4A57-8779-6E989F778C3A}.Ad-Hoc|iPhone.ActiveCfg = Azure|Any CPU
		{4A84430E-751E-4A57-8779-6E989F778C3A}.Ad-Hoc|iPhone.Build.0 = Azure|Any CPU
		{4A84430E-751E-4A57-8779-6E989F778C3A}.Ad-Hoc|iPhoneSimulator.ActiveCfg = Azure|Any CPU
		{4A84430E-751E-4A57-8779-6E989F778C3A}.Ad-Hoc|iPhoneSimulator.Build.0 = Azure|Any CPU
		{4A84430E-751E-4A57-8779-6E989F778C3A}.Ad-Hoc|x64.ActiveCfg = Azure|Any CPU
		{4A84430E-751E-4A57-8779-6E989F778C3A}.Ad-Hoc|x64.Build.0 = Azure|Any CPU
		{4A84430E-751E-4A57-8779-6E989F778C3A}.Ad-Hoc|x86.ActiveCfg = Azure|Any CPU
		{4A84430E-751E-4A57-8779-6E989F778C3A}.Ad-Hoc|x86.Build.0 = Azure|Any CPU
		{4A84430E-751E-4A57-8779-6E989F778C3A}.AppStore|Any CPU.ActiveCfg = Azure|Any CPU
		{4A84430E-751E-4A57-8779-6E989F778C3A}.AppStore|Any CPU.Build.0 = Azure|Any CPU
		{4A84430E-751E-4A57-8779-6E989F778C3A}.AppStore|ARM.ActiveCfg = Azure|Any CPU
		{4A84430E-751E-4A57-8779-6E989F778C3A}.AppStore|ARM.Build.0 = Azure|Any CPU
		{4A84430E-751E-4A57-8779-6E989F778C3A}.AppStore|iPhone.ActiveCfg = Azure|Any CPU
		{4A84430E-751E-4A57-8779-6E989F778C3A}.AppStore|iPhone.Build.0 = Azure|Any CPU
		{4A84430E-751E-4A57-8779-6E989F778C3A}.AppStore|iPhoneSimulator.ActiveCfg = Azure|Any CPU
		{4A84430E-751E-4A57-8779-6E989F778C3A}.AppStore|iPhoneSimulator.Build.0 = Azure|Any CPU
		{4A84430E-751E-4A57-8779-6E989F778C3A}.AppStore|x64.ActiveCfg = Azure|Any CPU
		{4A84430E-751E-4A57-8779-6E989F778C3A}.AppStore|x64.Build.0 = Azure|Any CPU
		{4A84430E-751E-4A57-8779-6E989F778C3A}.AppStore|x86.ActiveCfg = Azure|Any CPU
		{4A84430E-751E-4A57-8779-6E989F778C3A}.AppStore|x86.Build.0 = Azure|Any CPU
		{4A84430E-751E-4A57-8779-6E989F778C3A}.Azure|Any CPU.ActiveCfg = Azure|Any CPU
		{4A84430E-751E-4A57-8779-6E989F778C3A}.Azure|Any CPU.Build.0 = Azure|Any CPU
		{4A84430E-751E-4A57-8779-6E989F778C3A}.Azure|ARM.ActiveCfg = Azure|Any CPU
		{4A84430E-751E-4A57-8779-6E989F778C3A}.Azure|ARM.Build.0 = Azure|Any CPU
		{4A84430E-751E-4A57-8779-6E989F778C3A}.Azure|iPhone.ActiveCfg = Azure|Any CPU
		{4A84430E-751E-4A57-8779-6E989F778C3A}.Azure|iPhone.Build.0 = Azure|Any CPU
		{4A84430E-751E-4A57-8779-6E989F778C3A}.Azure|iPhoneSimulator.ActiveCfg = Azure|Any CPU
		{4A84430E-751E-4A57-8779-6E989F778C3A}.Azure|iPhoneSimulator.Build.0 = Azure|Any CPU
		{4A84430E-751E-4A57-8779-6E989F778C3A}.Azure|x64.ActiveCfg = Azure|Any CPU
		{4A84430E-751E-4A57-8779-6E989F778C3A}.Azure|x64.Build.0 = Azure|Any CPU
		{4A84430E-751E-4A57-8779-6E989F778C3A}.Azure|x86.ActiveCfg = Azure|Any CPU
		{4A84430E-751E-4A57-8779-6E989F778C3A}.Azure|x86.Build.0 = Azure|Any CPU
		{4A84430E-751E-4A57-8779-6E989F778C3A}.Debug|Any CPU.ActiveCfg = Debug|Any CPU
		{4A84430E-751E-4A57-8779-6E989F778C3A}.Debug|Any CPU.Build.0 = Debug|Any CPU
		{4A84430E-751E-4A57-8779-6E989F778C3A}.Debug|ARM.ActiveCfg = Debug|Any CPU
		{4A84430E-751E-4A57-8779-6E989F778C3A}.Debug|ARM.Build.0 = Debug|Any CPU
		{4A84430E-751E-4A57-8779-6E989F778C3A}.Debug|iPhone.ActiveCfg = Debug|Any CPU
		{4A84430E-751E-4A57-8779-6E989F778C3A}.Debug|iPhone.Build.0 = Debug|Any CPU
		{4A84430E-751E-4A57-8779-6E989F778C3A}.Debug|iPhoneSimulator.ActiveCfg = Debug|Any CPU
		{4A84430E-751E-4A57-8779-6E989F778C3A}.Debug|iPhoneSimulator.Build.0 = Debug|Any CPU
		{4A84430E-751E-4A57-8779-6E989F778C3A}.Debug|x64.ActiveCfg = Debug|Any CPU
		{4A84430E-751E-4A57-8779-6E989F778C3A}.Debug|x64.Build.0 = Debug|Any CPU
		{4A84430E-751E-4A57-8779-6E989F778C3A}.Debug|x86.ActiveCfg = Debug|Any CPU
		{4A84430E-751E-4A57-8779-6E989F778C3A}.Debug|x86.Build.0 = Debug|Any CPU
		{4A84430E-751E-4A57-8779-6E989F778C3A}.localhost|Any CPU.ActiveCfg = localhost|Any CPU
		{4A84430E-751E-4A57-8779-6E989F778C3A}.localhost|Any CPU.Build.0 = localhost|Any CPU
		{4A84430E-751E-4A57-8779-6E989F778C3A}.localhost|ARM.ActiveCfg = localhost|Any CPU
		{4A84430E-751E-4A57-8779-6E989F778C3A}.localhost|ARM.Build.0 = localhost|Any CPU
		{4A84430E-751E-4A57-8779-6E989F778C3A}.localhost|iPhone.ActiveCfg = localhost|Any CPU
		{4A84430E-751E-4A57-8779-6E989F778C3A}.localhost|iPhone.Build.0 = localhost|Any CPU
		{4A84430E-751E-4A57-8779-6E989F778C3A}.localhost|iPhoneSimulator.ActiveCfg = localhost|Any CPU
		{4A84430E-751E-4A57-8779-6E989F778C3A}.localhost|iPhoneSimulator.Build.0 = localhost|Any CPU
		{4A84430E-751E-4A57-8779-6E989F778C3A}.localhost|x64.ActiveCfg = localhost|Any CPU
		{4A84430E-751E-4A57-8779-6E989F778C3A}.localhost|x64.Build.0 = localhost|Any CPU
		{4A84430E-751E-4A57-8779-6E989F778C3A}.localhost|x86.ActiveCfg = localhost|Any CPU
		{4A84430E-751E-4A57-8779-6E989F778C3A}.localhost|x86.Build.0 = localhost|Any CPU
		{4A84430E-751E-4A57-8779-6E989F778C3A}.Release|Any CPU.ActiveCfg = Release|Any CPU
		{4A84430E-751E-4A57-8779-6E989F778C3A}.Release|Any CPU.Build.0 = Release|Any CPU
		{4A84430E-751E-4A57-8779-6E989F778C3A}.Release|ARM.ActiveCfg = Release|Any CPU
		{4A84430E-751E-4A57-8779-6E989F778C3A}.Release|ARM.Build.0 = Release|Any CPU
		{4A84430E-751E-4A57-8779-6E989F778C3A}.Release|iPhone.ActiveCfg = Release|Any CPU
		{4A84430E-751E-4A57-8779-6E989F778C3A}.Release|iPhone.Build.0 = Release|Any CPU
		{4A84430E-751E-4A57-8779-6E989F778C3A}.Release|iPhoneSimulator.ActiveCfg = Release|Any CPU
		{4A84430E-751E-4A57-8779-6E989F778C3A}.Release|iPhoneSimulator.Build.0 = Release|Any CPU
		{4A84430E-751E-4A57-8779-6E989F778C3A}.Release|x64.ActiveCfg = Release|Any CPU
		{4A84430E-751E-4A57-8779-6E989F778C3A}.Release|x64.Build.0 = Release|Any CPU
		{4A84430E-751E-4A57-8779-6E989F778C3A}.Release|x86.ActiveCfg = Release|Any CPU
		{4A84430E-751E-4A57-8779-6E989F778C3A}.Release|x86.Build.0 = Release|Any CPU
		{4A84430E-751E-4A57-8779-6E989F778C3A}.Subvencion|Any CPU.ActiveCfg = Subvencion|Any CPU
		{4A84430E-751E-4A57-8779-6E989F778C3A}.Subvencion|Any CPU.Build.0 = Subvencion|Any CPU
		{4A84430E-751E-4A57-8779-6E989F778C3A}.Subvencion|ARM.ActiveCfg = Subvencion|Any CPU
		{4A84430E-751E-4A57-8779-6E989F778C3A}.Subvencion|ARM.Build.0 = Subvencion|Any CPU
		{4A84430E-751E-4A57-8779-6E989F778C3A}.Subvencion|iPhone.ActiveCfg = Subvencion|Any CPU
		{4A84430E-751E-4A57-8779-6E989F778C3A}.Subvencion|iPhone.Build.0 = Subvencion|Any CPU
		{4A84430E-751E-4A57-8779-6E989F778C3A}.Subvencion|iPhoneSimulator.ActiveCfg = Subvencion|Any CPU
		{4A84430E-751E-4A57-8779-6E989F778C3A}.Subvencion|iPhoneSimulator.Build.0 = Subvencion|Any CPU
		{4A84430E-751E-4A57-8779-6E989F778C3A}.Subvencion|x64.ActiveCfg = Subvencion|Any CPU
		{4A84430E-751E-4A57-8779-6E989F778C3A}.Subvencion|x64.Build.0 = Subvencion|Any CPU
		{4A84430E-751E-4A57-8779-6E989F778C3A}.Subvencion|x86.ActiveCfg = Subvencion|Any CPU
		{4A84430E-751E-4A57-8779-6E989F778C3A}.Subvencion|x86.Build.0 = Subvencion|Any CPU
		{F4B6CC7E-CF15-4E25-BBAF-86CFFD667821}.Ad-Hoc|Any CPU.ActiveCfg = Azure|Any CPU
		{F4B6CC7E-CF15-4E25-BBAF-86CFFD667821}.Ad-Hoc|Any CPU.Build.0 = Azure|Any CPU
		{F4B6CC7E-CF15-4E25-BBAF-86CFFD667821}.Ad-Hoc|ARM.ActiveCfg = Azure|Any CPU
		{F4B6CC7E-CF15-4E25-BBAF-86CFFD667821}.Ad-Hoc|ARM.Build.0 = Azure|Any CPU
		{F4B6CC7E-CF15-4E25-BBAF-86CFFD667821}.Ad-Hoc|iPhone.ActiveCfg = Azure|Any CPU
		{F4B6CC7E-CF15-4E25-BBAF-86CFFD667821}.Ad-Hoc|iPhone.Build.0 = Azure|Any CPU
		{F4B6CC7E-CF15-4E25-BBAF-86CFFD667821}.Ad-Hoc|iPhoneSimulator.ActiveCfg = Azure|Any CPU
		{F4B6CC7E-CF15-4E25-BBAF-86CFFD667821}.Ad-Hoc|iPhoneSimulator.Build.0 = Azure|Any CPU
		{F4B6CC7E-CF15-4E25-BBAF-86CFFD667821}.Ad-Hoc|x64.ActiveCfg = Azure|Any CPU
		{F4B6CC7E-CF15-4E25-BBAF-86CFFD667821}.Ad-Hoc|x64.Build.0 = Azure|Any CPU
		{F4B6CC7E-CF15-4E25-BBAF-86CFFD667821}.Ad-Hoc|x86.ActiveCfg = Azure|Any CPU
		{F4B6CC7E-CF15-4E25-BBAF-86CFFD667821}.Ad-Hoc|x86.Build.0 = Azure|Any CPU
		{F4B6CC7E-CF15-4E25-BBAF-86CFFD667821}.AppStore|Any CPU.ActiveCfg = Azure|Any CPU
		{F4B6CC7E-CF15-4E25-BBAF-86CFFD667821}.AppStore|Any CPU.Build.0 = Azure|Any CPU
		{F4B6CC7E-CF15-4E25-BBAF-86CFFD667821}.AppStore|ARM.ActiveCfg = Azure|Any CPU
		{F4B6CC7E-CF15-4E25-BBAF-86CFFD667821}.AppStore|ARM.Build.0 = Azure|Any CPU
		{F4B6CC7E-CF15-4E25-BBAF-86CFFD667821}.AppStore|iPhone.ActiveCfg = Azure|Any CPU
		{F4B6CC7E-CF15-4E25-BBAF-86CFFD667821}.AppStore|iPhone.Build.0 = Azure|Any CPU
		{F4B6CC7E-CF15-4E25-BBAF-86CFFD667821}.AppStore|iPhoneSimulator.ActiveCfg = Azure|Any CPU
		{F4B6CC7E-CF15-4E25-BBAF-86CFFD667821}.AppStore|iPhoneSimulator.Build.0 = Azure|Any CPU
		{F4B6CC7E-CF15-4E25-BBAF-86CFFD667821}.AppStore|x64.ActiveCfg = Azure|Any CPU
		{F4B6CC7E-CF15-4E25-BBAF-86CFFD667821}.AppStore|x64.Build.0 = Azure|Any CPU
		{F4B6CC7E-CF15-4E25-BBAF-86CFFD667821}.AppStore|x86.ActiveCfg = Azure|Any CPU
		{F4B6CC7E-CF15-4E25-BBAF-86CFFD667821}.AppStore|x86.Build.0 = Azure|Any CPU
		{F4B6CC7E-CF15-4E25-BBAF-86CFFD667821}.Azure|Any CPU.ActiveCfg = Azure|Any CPU
		{F4B6CC7E-CF15-4E25-BBAF-86CFFD667821}.Azure|Any CPU.Build.0 = Azure|Any CPU
		{F4B6CC7E-CF15-4E25-BBAF-86CFFD667821}.Azure|ARM.ActiveCfg = Azure|Any CPU
		{F4B6CC7E-CF15-4E25-BBAF-86CFFD667821}.Azure|ARM.Build.0 = Azure|Any CPU
		{F4B6CC7E-CF15-4E25-BBAF-86CFFD667821}.Azure|iPhone.ActiveCfg = Azure|Any CPU
		{F4B6CC7E-CF15-4E25-BBAF-86CFFD667821}.Azure|iPhone.Build.0 = Azure|Any CPU
		{F4B6CC7E-CF15-4E25-BBAF-86CFFD667821}.Azure|iPhoneSimulator.ActiveCfg = Azure|Any CPU
		{F4B6CC7E-CF15-4E25-BBAF-86CFFD667821}.Azure|iPhoneSimulator.Build.0 = Azure|Any CPU
		{F4B6CC7E-CF15-4E25-BBAF-86CFFD667821}.Azure|x64.ActiveCfg = Azure|Any CPU
		{F4B6CC7E-CF15-4E25-BBAF-86CFFD667821}.Azure|x64.Build.0 = Azure|Any CPU
		{F4B6CC7E-CF15-4E25-BBAF-86CFFD667821}.Azure|x86.ActiveCfg = Azure|Any CPU
		{F4B6CC7E-CF15-4E25-BBAF-86CFFD667821}.Azure|x86.Build.0 = Azure|Any CPU
		{F4B6CC7E-CF15-4E25-BBAF-86CFFD667821}.Debug|Any CPU.ActiveCfg = Debug|Any CPU
		{F4B6CC7E-CF15-4E25-BBAF-86CFFD667821}.Debug|Any CPU.Build.0 = Debug|Any CPU
		{F4B6CC7E-CF15-4E25-BBAF-86CFFD667821}.Debug|ARM.ActiveCfg = Debug|Any CPU
		{F4B6CC7E-CF15-4E25-BBAF-86CFFD667821}.Debug|ARM.Build.0 = Debug|Any CPU
		{F4B6CC7E-CF15-4E25-BBAF-86CFFD667821}.Debug|iPhone.ActiveCfg = Debug|Any CPU
		{F4B6CC7E-CF15-4E25-BBAF-86CFFD667821}.Debug|iPhone.Build.0 = Debug|Any CPU
		{F4B6CC7E-CF15-4E25-BBAF-86CFFD667821}.Debug|iPhoneSimulator.ActiveCfg = Debug|Any CPU
		{F4B6CC7E-CF15-4E25-BBAF-86CFFD667821}.Debug|iPhoneSimulator.Build.0 = Debug|Any CPU
		{F4B6CC7E-CF15-4E25-BBAF-86CFFD667821}.Debug|x64.ActiveCfg = Debug|Any CPU
		{F4B6CC7E-CF15-4E25-BBAF-86CFFD667821}.Debug|x64.Build.0 = Debug|Any CPU
		{F4B6CC7E-CF15-4E25-BBAF-86CFFD667821}.Debug|x86.ActiveCfg = Debug|Any CPU
		{F4B6CC7E-CF15-4E25-BBAF-86CFFD667821}.Debug|x86.Build.0 = Debug|Any CPU
		{F4B6CC7E-CF15-4E25-BBAF-86CFFD667821}.localhost|Any CPU.ActiveCfg = localhost|Any CPU
		{F4B6CC7E-CF15-4E25-BBAF-86CFFD667821}.localhost|Any CPU.Build.0 = localhost|Any CPU
		{F4B6CC7E-CF15-4E25-BBAF-86CFFD667821}.localhost|ARM.ActiveCfg = localhost|Any CPU
		{F4B6CC7E-CF15-4E25-BBAF-86CFFD667821}.localhost|ARM.Build.0 = localhost|Any CPU
		{F4B6CC7E-CF15-4E25-BBAF-86CFFD667821}.localhost|iPhone.ActiveCfg = localhost|Any CPU
		{F4B6CC7E-CF15-4E25-BBAF-86CFFD667821}.localhost|iPhone.Build.0 = localhost|Any CPU
		{F4B6CC7E-CF15-4E25-BBAF-86CFFD667821}.localhost|iPhoneSimulator.ActiveCfg = localhost|Any CPU
		{F4B6CC7E-CF15-4E25-BBAF-86CFFD667821}.localhost|iPhoneSimulator.Build.0 = localhost|Any CPU
		{F4B6CC7E-CF15-4E25-BBAF-86CFFD667821}.localhost|x64.ActiveCfg = localhost|Any CPU
		{F4B6CC7E-CF15-4E25-BBAF-86CFFD667821}.localhost|x64.Build.0 = localhost|Any CPU
		{F4B6CC7E-CF15-4E25-BBAF-86CFFD667821}.localhost|x86.ActiveCfg = localhost|Any CPU
		{F4B6CC7E-CF15-4E25-BBAF-86CFFD667821}.localhost|x86.Build.0 = localhost|Any CPU
		{F4B6CC7E-CF15-4E25-BBAF-86CFFD667821}.Release|Any CPU.ActiveCfg = Release|Any CPU
		{F4B6CC7E-CF15-4E25-BBAF-86CFFD667821}.Release|Any CPU.Build.0 = Release|Any CPU
		{F4B6CC7E-CF15-4E25-BBAF-86CFFD667821}.Release|ARM.ActiveCfg = Release|Any CPU
		{F4B6CC7E-CF15-4E25-BBAF-86CFFD667821}.Release|ARM.Build.0 = Release|Any CPU
		{F4B6CC7E-CF15-4E25-BBAF-86CFFD667821}.Release|iPhone.ActiveCfg = Release|Any CPU
		{F4B6CC7E-CF15-4E25-BBAF-86CFFD667821}.Release|iPhone.Build.0 = Release|Any CPU
		{F4B6CC7E-CF15-4E25-BBAF-86CFFD667821}.Release|iPhoneSimulator.ActiveCfg = Release|Any CPU
		{F4B6CC7E-CF15-4E25-BBAF-86CFFD667821}.Release|iPhoneSimulator.Build.0 = Release|Any CPU
		{F4B6CC7E-CF15-4E25-BBAF-86CFFD667821}.Release|x64.ActiveCfg = Release|Any CPU
		{F4B6CC7E-CF15-4E25-BBAF-86CFFD667821}.Release|x64.Build.0 = Release|Any CPU
		{F4B6CC7E-CF15-4E25-BBAF-86CFFD667821}.Release|x86.ActiveCfg = Release|Any CPU
		{F4B6CC7E-CF15-4E25-BBAF-86CFFD667821}.Release|x86.Build.0 = Release|Any CPU
		{F4B6CC7E-CF15-4E25-BBAF-86CFFD667821}.Subvencion|Any CPU.ActiveCfg = Subvencion|Any CPU
		{F4B6CC7E-CF15-4E25-BBAF-86CFFD667821}.Subvencion|Any CPU.Build.0 = Subvencion|Any CPU
		{F4B6CC7E-CF15-4E25-BBAF-86CFFD667821}.Subvencion|ARM.ActiveCfg = Subvencion|Any CPU
		{F4B6CC7E-CF15-4E25-BBAF-86CFFD667821}.Subvencion|ARM.Build.0 = Subvencion|Any CPU
		{F4B6CC7E-CF15-4E25-BBAF-86CFFD667821}.Subvencion|iPhone.ActiveCfg = Subvencion|Any CPU
		{F4B6CC7E-CF15-4E25-BBAF-86CFFD667821}.Subvencion|iPhone.Build.0 = Subvencion|Any CPU
		{F4B6CC7E-CF15-4E25-BBAF-86CFFD667821}.Subvencion|iPhoneSimulator.ActiveCfg = Subvencion|Any CPU
		{F4B6CC7E-CF15-4E25-BBAF-86CFFD667821}.Subvencion|iPhoneSimulator.Build.0 = Subvencion|Any CPU
		{F4B6CC7E-CF15-4E25-BBAF-86CFFD667821}.Subvencion|x64.ActiveCfg = Subvencion|Any CPU
		{F4B6CC7E-CF15-4E25-BBAF-86CFFD667821}.Subvencion|x64.Build.0 = Subvencion|Any CPU
		{F4B6CC7E-CF15-4E25-BBAF-86CFFD667821}.Subvencion|x86.ActiveCfg = Subvencion|Any CPU
		{F4B6CC7E-CF15-4E25-BBAF-86CFFD667821}.Subvencion|x86.Build.0 = Subvencion|Any CPU
		{A6E67FCF-2188-4C07-8C0C-F9E94F054D20}.Ad-Hoc|Any CPU.ActiveCfg = Azure|Any CPU
		{A6E67FCF-2188-4C07-8C0C-F9E94F054D20}.Ad-Hoc|Any CPU.Build.0 = Azure|Any CPU
		{A6E67FCF-2188-4C07-8C0C-F9E94F054D20}.Ad-Hoc|ARM.ActiveCfg = Azure|Any CPU
		{A6E67FCF-2188-4C07-8C0C-F9E94F054D20}.Ad-Hoc|ARM.Build.0 = Azure|Any CPU
		{A6E67FCF-2188-4C07-8C0C-F9E94F054D20}.Ad-Hoc|iPhone.ActiveCfg = Azure|Any CPU
		{A6E67FCF-2188-4C07-8C0C-F9E94F054D20}.Ad-Hoc|iPhone.Build.0 = Azure|Any CPU
		{A6E67FCF-2188-4C07-8C0C-F9E94F054D20}.Ad-Hoc|iPhoneSimulator.ActiveCfg = Azure|Any CPU
		{A6E67FCF-2188-4C07-8C0C-F9E94F054D20}.Ad-Hoc|iPhoneSimulator.Build.0 = Azure|Any CPU
		{A6E67FCF-2188-4C07-8C0C-F9E94F054D20}.Ad-Hoc|x64.ActiveCfg = Azure|Any CPU
		{A6E67FCF-2188-4C07-8C0C-F9E94F054D20}.Ad-Hoc|x64.Build.0 = Azure|Any CPU
		{A6E67FCF-2188-4C07-8C0C-F9E94F054D20}.Ad-Hoc|x86.ActiveCfg = Azure|Any CPU
		{A6E67FCF-2188-4C07-8C0C-F9E94F054D20}.Ad-Hoc|x86.Build.0 = Azure|Any CPU
		{A6E67FCF-2188-4C07-8C0C-F9E94F054D20}.AppStore|Any CPU.ActiveCfg = Azure|Any CPU
		{A6E67FCF-2188-4C07-8C0C-F9E94F054D20}.AppStore|Any CPU.Build.0 = Azure|Any CPU
		{A6E67FCF-2188-4C07-8C0C-F9E94F054D20}.AppStore|ARM.ActiveCfg = Azure|Any CPU
		{A6E67FCF-2188-4C07-8C0C-F9E94F054D20}.AppStore|ARM.Build.0 = Azure|Any CPU
		{A6E67FCF-2188-4C07-8C0C-F9E94F054D20}.AppStore|iPhone.ActiveCfg = Azure|Any CPU
		{A6E67FCF-2188-4C07-8C0C-F9E94F054D20}.AppStore|iPhone.Build.0 = Azure|Any CPU
		{A6E67FCF-2188-4C07-8C0C-F9E94F054D20}.AppStore|iPhoneSimulator.ActiveCfg = Azure|Any CPU
		{A6E67FCF-2188-4C07-8C0C-F9E94F054D20}.AppStore|iPhoneSimulator.Build.0 = Azure|Any CPU
		{A6E67FCF-2188-4C07-8C0C-F9E94F054D20}.AppStore|x64.ActiveCfg = Azure|Any CPU
		{A6E67FCF-2188-4C07-8C0C-F9E94F054D20}.AppStore|x64.Build.0 = Azure|Any CPU
		{A6E67FCF-2188-4C07-8C0C-F9E94F054D20}.AppStore|x86.ActiveCfg = Azure|Any CPU
		{A6E67FCF-2188-4C07-8C0C-F9E94F054D20}.AppStore|x86.Build.0 = Azure|Any CPU
		{A6E67FCF-2188-4C07-8C0C-F9E94F054D20}.Azure|Any CPU.ActiveCfg = Azure|Any CPU
		{A6E67FCF-2188-4C07-8C0C-F9E94F054D20}.Azure|Any CPU.Build.0 = Azure|Any CPU
		{A6E67FCF-2188-4C07-8C0C-F9E94F054D20}.Azure|ARM.ActiveCfg = Azure|Any CPU
		{A6E67FCF-2188-4C07-8C0C-F9E94F054D20}.Azure|ARM.Build.0 = Azure|Any CPU
		{A6E67FCF-2188-4C07-8C0C-F9E94F054D20}.Azure|iPhone.ActiveCfg = Azure|Any CPU
		{A6E67FCF-2188-4C07-8C0C-F9E94F054D20}.Azure|iPhone.Build.0 = Azure|Any CPU
		{A6E67FCF-2188-4C07-8C0C-F9E94F054D20}.Azure|iPhoneSimulator.ActiveCfg = Azure|Any CPU
		{A6E67FCF-2188-4C07-8C0C-F9E94F054D20}.Azure|iPhoneSimulator.Build.0 = Azure|Any CPU
		{A6E67FCF-2188-4C07-8C0C-F9E94F054D20}.Azure|x64.ActiveCfg = Azure|Any CPU
		{A6E67FCF-2188-4C07-8C0C-F9E94F054D20}.Azure|x64.Build.0 = Azure|Any CPU
		{A6E67FCF-2188-4C07-8C0C-F9E94F054D20}.Azure|x86.ActiveCfg = Azure|Any CPU
		{A6E67FCF-2188-4C07-8C0C-F9E94F054D20}.Azure|x86.Build.0 = Azure|Any CPU
		{A6E67FCF-2188-4C07-8C0C-F9E94F054D20}.Debug|Any CPU.ActiveCfg = Debug|Any CPU
		{A6E67FCF-2188-4C07-8C0C-F9E94F054D20}.Debug|Any CPU.Build.0 = Debug|Any CPU
		{A6E67FCF-2188-4C07-8C0C-F9E94F054D20}.Debug|ARM.ActiveCfg = Debug|Any CPU
		{A6E67FCF-2188-4C07-8C0C-F9E94F054D20}.Debug|ARM.Build.0 = Debug|Any CPU
		{A6E67FCF-2188-4C07-8C0C-F9E94F054D20}.Debug|iPhone.ActiveCfg = Debug|Any CPU
		{A6E67FCF-2188-4C07-8C0C-F9E94F054D20}.Debug|iPhone.Build.0 = Debug|Any CPU
		{A6E67FCF-2188-4C07-8C0C-F9E94F054D20}.Debug|iPhoneSimulator.ActiveCfg = Debug|Any CPU
		{A6E67FCF-2188-4C07-8C0C-F9E94F054D20}.Debug|iPhoneSimulator.Build.0 = Debug|Any CPU
		{A6E67FCF-2188-4C07-8C0C-F9E94F054D20}.Debug|x64.ActiveCfg = Debug|Any CPU
		{A6E67FCF-2188-4C07-8C0C-F9E94F054D20}.Debug|x64.Build.0 = Debug|Any CPU
		{A6E67FCF-2188-4C07-8C0C-F9E94F054D20}.Debug|x86.ActiveCfg = Debug|Any CPU
		{A6E67FCF-2188-4C07-8C0C-F9E94F054D20}.Debug|x86.Build.0 = Debug|Any CPU
		{A6E67FCF-2188-4C07-8C0C-F9E94F054D20}.localhost|Any CPU.ActiveCfg = localhost|Any CPU
		{A6E67FCF-2188-4C07-8C0C-F9E94F054D20}.localhost|Any CPU.Build.0 = localhost|Any CPU
		{A6E67FCF-2188-4C07-8C0C-F9E94F054D20}.localhost|ARM.ActiveCfg = localhost|Any CPU
		{A6E67FCF-2188-4C07-8C0C-F9E94F054D20}.localhost|ARM.Build.0 = localhost|Any CPU
		{A6E67FCF-2188-4C07-8C0C-F9E94F054D20}.localhost|iPhone.ActiveCfg = localhost|Any CPU
		{A6E67FCF-2188-4C07-8C0C-F9E94F054D20}.localhost|iPhone.Build.0 = localhost|Any CPU
		{A6E67FCF-2188-4C07-8C0C-F9E94F054D20}.localhost|iPhoneSimulator.ActiveCfg = localhost|Any CPU
		{A6E67FCF-2188-4C07-8C0C-F9E94F054D20}.localhost|iPhoneSimulator.Build.0 = localhost|Any CPU
		{A6E67FCF-2188-4C07-8C0C-F9E94F054D20}.localhost|x64.ActiveCfg = localhost|Any CPU
		{A6E67FCF-2188-4C07-8C0C-F9E94F054D20}.localhost|x64.Build.0 = localhost|Any CPU
		{A6E67FCF-2188-4C07-8C0C-F9E94F054D20}.localhost|x86.ActiveCfg = localhost|Any CPU
		{A6E67FCF-2188-4C07-8C0C-F9E94F054D20}.localhost|x86.Build.0 = localhost|Any CPU
		{A6E67FCF-2188-4C07-8C0C-F9E94F054D20}.Release|Any CPU.ActiveCfg = Release|Any CPU
		{A6E67FCF-2188-4C07-8C0C-F9E94F054D20}.Release|Any CPU.Build.0 = Release|Any CPU
		{A6E67FCF-2188-4C07-8C0C-F9E94F054D20}.Release|ARM.ActiveCfg = Release|Any CPU
		{A6E67FCF-2188-4C07-8C0C-F9E94F054D20}.Release|ARM.Build.0 = Release|Any CPU
		{A6E67FCF-2188-4C07-8C0C-F9E94F054D20}.Release|iPhone.ActiveCfg = Release|Any CPU
		{A6E67FCF-2188-4C07-8C0C-F9E94F054D20}.Release|iPhone.Build.0 = Release|Any CPU
		{A6E67FCF-2188-4C07-8C0C-F9E94F054D20}.Release|iPhoneSimulator.ActiveCfg = Release|Any CPU
		{A6E67FCF-2188-4C07-8C0C-F9E94F054D20}.Release|iPhoneSimulator.Build.0 = Release|Any CPU
		{A6E67FCF-2188-4C07-8C0C-F9E94F054D20}.Release|x64.ActiveCfg = Release|Any CPU
		{A6E67FCF-2188-4C07-8C0C-F9E94F054D20}.Release|x64.Build.0 = Release|Any CPU
		{A6E67FCF-2188-4C07-8C0C-F9E94F054D20}.Release|x86.ActiveCfg = Release|Any CPU
		{A6E67FCF-2188-4C07-8C0C-F9E94F054D20}.Release|x86.Build.0 = Release|Any CPU
		{A6E67FCF-2188-4C07-8C0C-F9E94F054D20}.Subvencion|Any CPU.ActiveCfg = Subvencion|Any CPU
		{A6E67FCF-2188-4C07-8C0C-F9E94F054D20}.Subvencion|Any CPU.Build.0 = Subvencion|Any CPU
		{A6E67FCF-2188-4C07-8C0C-F9E94F054D20}.Subvencion|ARM.ActiveCfg = Subvencion|Any CPU
		{A6E67FCF-2188-4C07-8C0C-F9E94F054D20}.Subvencion|ARM.Build.0 = Subvencion|Any CPU
		{A6E67FCF-2188-4C07-8C0C-F9E94F054D20}.Subvencion|iPhone.ActiveCfg = Subvencion|Any CPU
		{A6E67FCF-2188-4C07-8C0C-F9E94F054D20}.Subvencion|iPhone.Build.0 = Subvencion|Any CPU
		{A6E67FCF-2188-4C07-8C0C-F9E94F054D20}.Subvencion|iPhoneSimulator.ActiveCfg = Subvencion|Any CPU
		{A6E67FCF-2188-4C07-8C0C-F9E94F054D20}.Subvencion|iPhoneSimulator.Build.0 = Subvencion|Any CPU
		{A6E67FCF-2188-4C07-8C0C-F9E94F054D20}.Subvencion|x64.ActiveCfg = Subvencion|Any CPU
		{A6E67FCF-2188-4C07-8C0C-F9E94F054D20}.Subvencion|x64.Build.0 = Subvencion|Any CPU
		{A6E67FCF-2188-4C07-8C0C-F9E94F054D20}.Subvencion|x86.ActiveCfg = Subvencion|Any CPU
		{A6E67FCF-2188-4C07-8C0C-F9E94F054D20}.Subvencion|x86.Build.0 = Subvencion|Any CPU
		{7C03697D-141D-471C-A9A6-F9497BB9D7DC}.Ad-Hoc|Any CPU.ActiveCfg = Azure|Any CPU
		{7C03697D-141D-471C-A9A6-F9497BB9D7DC}.Ad-Hoc|Any CPU.Build.0 = Azure|Any CPU
		{7C03697D-141D-471C-A9A6-F9497BB9D7DC}.Ad-Hoc|ARM.ActiveCfg = Azure|Any CPU
		{7C03697D-141D-471C-A9A6-F9497BB9D7DC}.Ad-Hoc|ARM.Build.0 = Azure|Any CPU
		{7C03697D-141D-471C-A9A6-F9497BB9D7DC}.Ad-Hoc|iPhone.ActiveCfg = Azure|Any CPU
		{7C03697D-141D-471C-A9A6-F9497BB9D7DC}.Ad-Hoc|iPhone.Build.0 = Azure|Any CPU
		{7C03697D-141D-471C-A9A6-F9497BB9D7DC}.Ad-Hoc|iPhoneSimulator.ActiveCfg = Azure|Any CPU
		{7C03697D-141D-471C-A9A6-F9497BB9D7DC}.Ad-Hoc|iPhoneSimulator.Build.0 = Azure|Any CPU
		{7C03697D-141D-471C-A9A6-F9497BB9D7DC}.Ad-Hoc|x64.ActiveCfg = Azure|Any CPU
		{7C03697D-141D-471C-A9A6-F9497BB9D7DC}.Ad-Hoc|x64.Build.0 = Azure|Any CPU
		{7C03697D-141D-471C-A9A6-F9497BB9D7DC}.Ad-Hoc|x86.ActiveCfg = Azure|Any CPU
		{7C03697D-141D-471C-A9A6-F9497BB9D7DC}.Ad-Hoc|x86.Build.0 = Azure|Any CPU
		{7C03697D-141D-471C-A9A6-F9497BB9D7DC}.AppStore|Any CPU.ActiveCfg = Azure|Any CPU
		{7C03697D-141D-471C-A9A6-F9497BB9D7DC}.AppStore|Any CPU.Build.0 = Azure|Any CPU
		{7C03697D-141D-471C-A9A6-F9497BB9D7DC}.AppStore|ARM.ActiveCfg = Azure|Any CPU
		{7C03697D-141D-471C-A9A6-F9497BB9D7DC}.AppStore|ARM.Build.0 = Azure|Any CPU
		{7C03697D-141D-471C-A9A6-F9497BB9D7DC}.AppStore|iPhone.ActiveCfg = Azure|Any CPU
		{7C03697D-141D-471C-A9A6-F9497BB9D7DC}.AppStore|iPhone.Build.0 = Azure|Any CPU
		{7C03697D-141D-471C-A9A6-F9497BB9D7DC}.AppStore|iPhoneSimulator.ActiveCfg = Azure|Any CPU
		{7C03697D-141D-471C-A9A6-F9497BB9D7DC}.AppStore|iPhoneSimulator.Build.0 = Azure|Any CPU
		{7C03697D-141D-471C-A9A6-F9497BB9D7DC}.AppStore|x64.ActiveCfg = Azure|Any CPU
		{7C03697D-141D-471C-A9A6-F9497BB9D7DC}.AppStore|x64.Build.0 = Azure|Any CPU
		{7C03697D-141D-471C-A9A6-F9497BB9D7DC}.AppStore|x86.ActiveCfg = Azure|Any CPU
		{7C03697D-141D-471C-A9A6-F9497BB9D7DC}.AppStore|x86.Build.0 = Azure|Any CPU
		{7C03697D-141D-471C-A9A6-F9497BB9D7DC}.Azure|Any CPU.ActiveCfg = Azure|Any CPU
		{7C03697D-141D-471C-A9A6-F9497BB9D7DC}.Azure|Any CPU.Build.0 = Azure|Any CPU
		{7C03697D-141D-471C-A9A6-F9497BB9D7DC}.Azure|ARM.ActiveCfg = Azure|Any CPU
		{7C03697D-141D-471C-A9A6-F9497BB9D7DC}.Azure|ARM.Build.0 = Azure|Any CPU
		{7C03697D-141D-471C-A9A6-F9497BB9D7DC}.Azure|iPhone.ActiveCfg = Azure|Any CPU
		{7C03697D-141D-471C-A9A6-F9497BB9D7DC}.Azure|iPhone.Build.0 = Azure|Any CPU
		{7C03697D-141D-471C-A9A6-F9497BB9D7DC}.Azure|iPhoneSimulator.ActiveCfg = Azure|Any CPU
		{7C03697D-141D-471C-A9A6-F9497BB9D7DC}.Azure|iPhoneSimulator.Build.0 = Azure|Any CPU
		{7C03697D-141D-471C-A9A6-F9497BB9D7DC}.Azure|x64.ActiveCfg = Azure|Any CPU
		{7C03697D-141D-471C-A9A6-F9497BB9D7DC}.Azure|x64.Build.0 = Azure|Any CPU
		{7C03697D-141D-471C-A9A6-F9497BB9D7DC}.Azure|x86.ActiveCfg = Azure|Any CPU
		{7C03697D-141D-471C-A9A6-F9497BB9D7DC}.Azure|x86.Build.0 = Azure|Any CPU
		{7C03697D-141D-471C-A9A6-F9497BB9D7DC}.Debug|Any CPU.ActiveCfg = Debug|Any CPU
		{7C03697D-141D-471C-A9A6-F9497BB9D7DC}.Debug|Any CPU.Build.0 = Debug|Any CPU
		{7C03697D-141D-471C-A9A6-F9497BB9D7DC}.Debug|ARM.ActiveCfg = Debug|Any CPU
		{7C03697D-141D-471C-A9A6-F9497BB9D7DC}.Debug|ARM.Build.0 = Debug|Any CPU
		{7C03697D-141D-471C-A9A6-F9497BB9D7DC}.Debug|iPhone.ActiveCfg = Debug|Any CPU
		{7C03697D-141D-471C-A9A6-F9497BB9D7DC}.Debug|iPhone.Build.0 = Debug|Any CPU
		{7C03697D-141D-471C-A9A6-F9497BB9D7DC}.Debug|iPhoneSimulator.ActiveCfg = Debug|Any CPU
		{7C03697D-141D-471C-A9A6-F9497BB9D7DC}.Debug|iPhoneSimulator.Build.0 = Debug|Any CPU
		{7C03697D-141D-471C-A9A6-F9497BB9D7DC}.Debug|x64.ActiveCfg = Debug|Any CPU
		{7C03697D-141D-471C-A9A6-F9497BB9D7DC}.Debug|x64.Build.0 = Debug|Any CPU
		{7C03697D-141D-471C-A9A6-F9497BB9D7DC}.Debug|x86.ActiveCfg = Debug|Any CPU
		{7C03697D-141D-471C-A9A6-F9497BB9D7DC}.Debug|x86.Build.0 = Debug|Any CPU
		{7C03697D-141D-471C-A9A6-F9497BB9D7DC}.localhost|Any CPU.ActiveCfg = localhost|Any CPU
		{7C03697D-141D-471C-A9A6-F9497BB9D7DC}.localhost|Any CPU.Build.0 = localhost|Any CPU
		{7C03697D-141D-471C-A9A6-F9497BB9D7DC}.localhost|ARM.ActiveCfg = localhost|Any CPU
		{7C03697D-141D-471C-A9A6-F9497BB9D7DC}.localhost|ARM.Build.0 = localhost|Any CPU
		{7C03697D-141D-471C-A9A6-F9497BB9D7DC}.localhost|iPhone.ActiveCfg = localhost|Any CPU
		{7C03697D-141D-471C-A9A6-F9497BB9D7DC}.localhost|iPhone.Build.0 = localhost|Any CPU
		{7C03697D-141D-471C-A9A6-F9497BB9D7DC}.localhost|iPhoneSimulator.ActiveCfg = localhost|Any CPU
		{7C03697D-141D-471C-A9A6-F9497BB9D7DC}.localhost|iPhoneSimulator.Build.0 = localhost|Any CPU
		{7C03697D-141D-471C-A9A6-F9497BB9D7DC}.localhost|x64.ActiveCfg = localhost|Any CPU
		{7C03697D-141D-471C-A9A6-F9497BB9D7DC}.localhost|x64.Build.0 = localhost|Any CPU
		{7C03697D-141D-471C-A9A6-F9497BB9D7DC}.localhost|x86.ActiveCfg = localhost|Any CPU
		{7C03697D-141D-471C-A9A6-F9497BB9D7DC}.localhost|x86.Build.0 = localhost|Any CPU
		{7C03697D-141D-471C-A9A6-F9497BB9D7DC}.Release|Any CPU.ActiveCfg = Release|Any CPU
		{7C03697D-141D-471C-A9A6-F9497BB9D7DC}.Release|Any CPU.Build.0 = Release|Any CPU
		{7C03697D-141D-471C-A9A6-F9497BB9D7DC}.Release|ARM.ActiveCfg = Release|Any CPU
		{7C03697D-141D-471C-A9A6-F9497BB9D7DC}.Release|ARM.Build.0 = Release|Any CPU
		{7C03697D-141D-471C-A9A6-F9497BB9D7DC}.Release|iPhone.ActiveCfg = Release|Any CPU
		{7C03697D-141D-471C-A9A6-F9497BB9D7DC}.Release|iPhone.Build.0 = Release|Any CPU
		{7C03697D-141D-471C-A9A6-F9497BB9D7DC}.Release|iPhoneSimulator.ActiveCfg = Release|Any CPU
		{7C03697D-141D-471C-A9A6-F9497BB9D7DC}.Release|iPhoneSimulator.Build.0 = Release|Any CPU
		{7C03697D-141D-471C-A9A6-F9497BB9D7DC}.Release|x64.ActiveCfg = Release|Any CPU
		{7C03697D-141D-471C-A9A6-F9497BB9D7DC}.Release|x64.Build.0 = Release|Any CPU
		{7C03697D-141D-471C-A9A6-F9497BB9D7DC}.Release|x86.ActiveCfg = Release|Any CPU
		{7C03697D-141D-471C-A9A6-F9497BB9D7DC}.Release|x86.Build.0 = Release|Any CPU
		{7C03697D-141D-471C-A9A6-F9497BB9D7DC}.Subvencion|Any CPU.ActiveCfg = Subvencion|Any CPU
		{7C03697D-141D-471C-A9A6-F9497BB9D7DC}.Subvencion|Any CPU.Build.0 = Subvencion|Any CPU
		{7C03697D-141D-471C-A9A6-F9497BB9D7DC}.Subvencion|ARM.ActiveCfg = Subvencion|Any CPU
		{7C03697D-141D-471C-A9A6-F9497BB9D7DC}.Subvencion|ARM.Build.0 = Subvencion|Any CPU
		{7C03697D-141D-471C-A9A6-F9497BB9D7DC}.Subvencion|iPhone.ActiveCfg = Subvencion|Any CPU
		{7C03697D-141D-471C-A9A6-F9497BB9D7DC}.Subvencion|iPhone.Build.0 = Subvencion|Any CPU
		{7C03697D-141D-471C-A9A6-F9497BB9D7DC}.Subvencion|iPhoneSimulator.ActiveCfg = Subvencion|Any CPU
		{7C03697D-141D-471C-A9A6-F9497BB9D7DC}.Subvencion|iPhoneSimulator.Build.0 = Subvencion|Any CPU
		{7C03697D-141D-471C-A9A6-F9497BB9D7DC}.Subvencion|x64.ActiveCfg = Subvencion|Any CPU
		{7C03697D-141D-471C-A9A6-F9497BB9D7DC}.Subvencion|x64.Build.0 = Subvencion|Any CPU
		{7C03697D-141D-471C-A9A6-F9497BB9D7DC}.Subvencion|x86.ActiveCfg = Subvencion|Any CPU
		{7C03697D-141D-471C-A9A6-F9497BB9D7DC}.Subvencion|x86.Build.0 = Subvencion|Any CPU
		{51AC93D0-ED0F-4C46-BE6A-BB06C8F5C4F7}.Ad-Hoc|Any CPU.ActiveCfg = Azure|Any CPU
		{51AC93D0-ED0F-4C46-BE6A-BB06C8F5C4F7}.Ad-Hoc|Any CPU.Build.0 = Azure|Any CPU
		{51AC93D0-ED0F-4C46-BE6A-BB06C8F5C4F7}.Ad-Hoc|ARM.ActiveCfg = Azure|Any CPU
		{51AC93D0-ED0F-4C46-BE6A-BB06C8F5C4F7}.Ad-Hoc|ARM.Build.0 = Azure|Any CPU
		{51AC93D0-ED0F-4C46-BE6A-BB06C8F5C4F7}.Ad-Hoc|iPhone.ActiveCfg = Azure|Any CPU
		{51AC93D0-ED0F-4C46-BE6A-BB06C8F5C4F7}.Ad-Hoc|iPhone.Build.0 = Azure|Any CPU
		{51AC93D0-ED0F-4C46-BE6A-BB06C8F5C4F7}.Ad-Hoc|iPhoneSimulator.ActiveCfg = Azure|Any CPU
		{51AC93D0-ED0F-4C46-BE6A-BB06C8F5C4F7}.Ad-Hoc|iPhoneSimulator.Build.0 = Azure|Any CPU
		{51AC93D0-ED0F-4C46-BE6A-BB06C8F5C4F7}.Ad-Hoc|x64.ActiveCfg = Azure|Any CPU
		{51AC93D0-ED0F-4C46-BE6A-BB06C8F5C4F7}.Ad-Hoc|x64.Build.0 = Azure|Any CPU
		{51AC93D0-ED0F-4C46-BE6A-BB06C8F5C4F7}.Ad-Hoc|x86.ActiveCfg = Azure|Any CPU
		{51AC93D0-ED0F-4C46-BE6A-BB06C8F5C4F7}.Ad-Hoc|x86.Build.0 = Azure|Any CPU
		{51AC93D0-ED0F-4C46-BE6A-BB06C8F5C4F7}.AppStore|Any CPU.ActiveCfg = Azure|Any CPU
		{51AC93D0-ED0F-4C46-BE6A-BB06C8F5C4F7}.AppStore|Any CPU.Build.0 = Azure|Any CPU
		{51AC93D0-ED0F-4C46-BE6A-BB06C8F5C4F7}.AppStore|ARM.ActiveCfg = Azure|Any CPU
		{51AC93D0-ED0F-4C46-BE6A-BB06C8F5C4F7}.AppStore|ARM.Build.0 = Azure|Any CPU
		{51AC93D0-ED0F-4C46-BE6A-BB06C8F5C4F7}.AppStore|iPhone.ActiveCfg = Azure|Any CPU
		{51AC93D0-ED0F-4C46-BE6A-BB06C8F5C4F7}.AppStore|iPhone.Build.0 = Azure|Any CPU
		{51AC93D0-ED0F-4C46-BE6A-BB06C8F5C4F7}.AppStore|iPhoneSimulator.ActiveCfg = Azure|Any CPU
		{51AC93D0-ED0F-4C46-BE6A-BB06C8F5C4F7}.AppStore|iPhoneSimulator.Build.0 = Azure|Any CPU
		{51AC93D0-ED0F-4C46-BE6A-BB06C8F5C4F7}.AppStore|x64.ActiveCfg = Azure|Any CPU
		{51AC93D0-ED0F-4C46-BE6A-BB06C8F5C4F7}.AppStore|x64.Build.0 = Azure|Any CPU
		{51AC93D0-ED0F-4C46-BE6A-BB06C8F5C4F7}.AppStore|x86.ActiveCfg = Azure|Any CPU
		{51AC93D0-ED0F-4C46-BE6A-BB06C8F5C4F7}.AppStore|x86.Build.0 = Azure|Any CPU
		{51AC93D0-ED0F-4C46-BE6A-BB06C8F5C4F7}.Azure|Any CPU.ActiveCfg = Azure|Any CPU
		{51AC93D0-ED0F-4C46-BE6A-BB06C8F5C4F7}.Azure|Any CPU.Build.0 = Azure|Any CPU
		{51AC93D0-ED0F-4C46-BE6A-BB06C8F5C4F7}.Azure|ARM.ActiveCfg = Azure|Any CPU
		{51AC93D0-ED0F-4C46-BE6A-BB06C8F5C4F7}.Azure|ARM.Build.0 = Azure|Any CPU
		{51AC93D0-ED0F-4C46-BE6A-BB06C8F5C4F7}.Azure|iPhone.ActiveCfg = Azure|Any CPU
		{51AC93D0-ED0F-4C46-BE6A-BB06C8F5C4F7}.Azure|iPhone.Build.0 = Azure|Any CPU
		{51AC93D0-ED0F-4C46-BE6A-BB06C8F5C4F7}.Azure|iPhoneSimulator.ActiveCfg = Azure|Any CPU
		{51AC93D0-ED0F-4C46-BE6A-BB06C8F5C4F7}.Azure|iPhoneSimulator.Build.0 = Azure|Any CPU
		{51AC93D0-ED0F-4C46-BE6A-BB06C8F5C4F7}.Azure|x64.ActiveCfg = Azure|Any CPU
		{51AC93D0-ED0F-4C46-BE6A-BB06C8F5C4F7}.Azure|x64.Build.0 = Azure|Any CPU
		{51AC93D0-ED0F-4C46-BE6A-BB06C8F5C4F7}.Azure|x86.ActiveCfg = Azure|Any CPU
		{51AC93D0-ED0F-4C46-BE6A-BB06C8F5C4F7}.Azure|x86.Build.0 = Azure|Any CPU
		{51AC93D0-ED0F-4C46-BE6A-BB06C8F5C4F7}.Debug|Any CPU.ActiveCfg = Debug|Any CPU
		{51AC93D0-ED0F-4C46-BE6A-BB06C8F5C4F7}.Debug|Any CPU.Build.0 = Debug|Any CPU
		{51AC93D0-ED0F-4C46-BE6A-BB06C8F5C4F7}.Debug|ARM.ActiveCfg = Debug|Any CPU
		{51AC93D0-ED0F-4C46-BE6A-BB06C8F5C4F7}.Debug|ARM.Build.0 = Debug|Any CPU
		{51AC93D0-ED0F-4C46-BE6A-BB06C8F5C4F7}.Debug|iPhone.ActiveCfg = Debug|Any CPU
		{51AC93D0-ED0F-4C46-BE6A-BB06C8F5C4F7}.Debug|iPhone.Build.0 = Debug|Any CPU
		{51AC93D0-ED0F-4C46-BE6A-BB06C8F5C4F7}.Debug|iPhoneSimulator.ActiveCfg = Debug|Any CPU
		{51AC93D0-ED0F-4C46-BE6A-BB06C8F5C4F7}.Debug|iPhoneSimulator.Build.0 = Debug|Any CPU
		{51AC93D0-ED0F-4C46-BE6A-BB06C8F5C4F7}.Debug|x64.ActiveCfg = Debug|Any CPU
		{51AC93D0-ED0F-4C46-BE6A-BB06C8F5C4F7}.Debug|x64.Build.0 = Debug|Any CPU
		{51AC93D0-ED0F-4C46-BE6A-BB06C8F5C4F7}.Debug|x86.ActiveCfg = Debug|Any CPU
		{51AC93D0-ED0F-4C46-BE6A-BB06C8F5C4F7}.Debug|x86.Build.0 = Debug|Any CPU
		{51AC93D0-ED0F-4C46-BE6A-BB06C8F5C4F7}.localhost|Any CPU.ActiveCfg = localhost|Any CPU
		{51AC93D0-ED0F-4C46-BE6A-BB06C8F5C4F7}.localhost|Any CPU.Build.0 = localhost|Any CPU
		{51AC93D0-ED0F-4C46-BE6A-BB06C8F5C4F7}.localhost|ARM.ActiveCfg = localhost|Any CPU
		{51AC93D0-ED0F-4C46-BE6A-BB06C8F5C4F7}.localhost|ARM.Build.0 = localhost|Any CPU
		{51AC93D0-ED0F-4C46-BE6A-BB06C8F5C4F7}.localhost|iPhone.ActiveCfg = localhost|Any CPU
		{51AC93D0-ED0F-4C46-BE6A-BB06C8F5C4F7}.localhost|iPhone.Build.0 = localhost|Any CPU
		{51AC93D0-ED0F-4C46-BE6A-BB06C8F5C4F7}.localhost|iPhoneSimulator.ActiveCfg = localhost|Any CPU
		{51AC93D0-ED0F-4C46-BE6A-BB06C8F5C4F7}.localhost|iPhoneSimulator.Build.0 = localhost|Any CPU
		{51AC93D0-ED0F-4C46-BE6A-BB06C8F5C4F7}.localhost|x64.ActiveCfg = localhost|Any CPU
		{51AC93D0-ED0F-4C46-BE6A-BB06C8F5C4F7}.localhost|x64.Build.0 = localhost|Any CPU
		{51AC93D0-ED0F-4C46-BE6A-BB06C8F5C4F7}.localhost|x86.ActiveCfg = localhost|Any CPU
		{51AC93D0-ED0F-4C46-BE6A-BB06C8F5C4F7}.localhost|x86.Build.0 = localhost|Any CPU
		{51AC93D0-ED0F-4C46-BE6A-BB06C8F5C4F7}.Release|Any CPU.ActiveCfg = Release|Any CPU
		{51AC93D0-ED0F-4C46-BE6A-BB06C8F5C4F7}.Release|Any CPU.Build.0 = Release|Any CPU
		{51AC93D0-ED0F-4C46-BE6A-BB06C8F5C4F7}.Release|ARM.ActiveCfg = Release|Any CPU
		{51AC93D0-ED0F-4C46-BE6A-BB06C8F5C4F7}.Release|ARM.Build.0 = Release|Any CPU
		{51AC93D0-ED0F-4C46-BE6A-BB06C8F5C4F7}.Release|iPhone.ActiveCfg = Release|Any CPU
		{51AC93D0-ED0F-4C46-BE6A-BB06C8F5C4F7}.Release|iPhone.Build.0 = Release|Any CPU
		{51AC93D0-ED0F-4C46-BE6A-BB06C8F5C4F7}.Release|iPhoneSimulator.ActiveCfg = Release|Any CPU
		{51AC93D0-ED0F-4C46-BE6A-BB06C8F5C4F7}.Release|iPhoneSimulator.Build.0 = Release|Any CPU
		{51AC93D0-ED0F-4C46-BE6A-BB06C8F5C4F7}.Release|x64.ActiveCfg = Release|Any CPU
		{51AC93D0-ED0F-4C46-BE6A-BB06C8F5C4F7}.Release|x64.Build.0 = Release|Any CPU
		{51AC93D0-ED0F-4C46-BE6A-BB06C8F5C4F7}.Release|x86.ActiveCfg = Release|Any CPU
		{51AC93D0-ED0F-4C46-BE6A-BB06C8F5C4F7}.Release|x86.Build.0 = Release|Any CPU
		{51AC93D0-ED0F-4C46-BE6A-BB06C8F5C4F7}.Subvencion|Any CPU.ActiveCfg = Subvencion|Any CPU
		{51AC93D0-ED0F-4C46-BE6A-BB06C8F5C4F7}.Subvencion|Any CPU.Build.0 = Subvencion|Any CPU
		{51AC93D0-ED0F-4C46-BE6A-BB06C8F5C4F7}.Subvencion|ARM.ActiveCfg = Subvencion|Any CPU
		{51AC93D0-ED0F-4C46-BE6A-BB06C8F5C4F7}.Subvencion|ARM.Build.0 = Subvencion|Any CPU
		{51AC93D0-ED0F-4C46-BE6A-BB06C8F5C4F7}.Subvencion|iPhone.ActiveCfg = Subvencion|Any CPU
		{51AC93D0-ED0F-4C46-BE6A-BB06C8F5C4F7}.Subvencion|iPhone.Build.0 = Subvencion|Any CPU
		{51AC93D0-ED0F-4C46-BE6A-BB06C8F5C4F7}.Subvencion|iPhoneSimulator.ActiveCfg = Subvencion|Any CPU
		{51AC93D0-ED0F-4C46-BE6A-BB06C8F5C4F7}.Subvencion|iPhoneSimulator.Build.0 = Subvencion|Any CPU
		{51AC93D0-ED0F-4C46-BE6A-BB06C8F5C4F7}.Subvencion|x64.ActiveCfg = Subvencion|Any CPU
		{51AC93D0-ED0F-4C46-BE6A-BB06C8F5C4F7}.Subvencion|x64.Build.0 = Subvencion|Any CPU
		{51AC93D0-ED0F-4C46-BE6A-BB06C8F5C4F7}.Subvencion|x86.ActiveCfg = Subvencion|Any CPU
		{51AC93D0-ED0F-4C46-BE6A-BB06C8F5C4F7}.Subvencion|x86.Build.0 = Subvencion|Any CPU
		{0F590BB4-E818-4A30-8AE0-A0D0895E5C92}.Ad-Hoc|Any CPU.ActiveCfg = Azure|Any CPU
		{0F590BB4-E818-4A30-8AE0-A0D0895E5C92}.Ad-Hoc|Any CPU.Build.0 = Azure|Any CPU
		{0F590BB4-E818-4A30-8AE0-A0D0895E5C92}.Ad-Hoc|ARM.ActiveCfg = Azure|Any CPU
		{0F590BB4-E818-4A30-8AE0-A0D0895E5C92}.Ad-Hoc|ARM.Build.0 = Azure|Any CPU
		{0F590BB4-E818-4A30-8AE0-A0D0895E5C92}.Ad-Hoc|iPhone.ActiveCfg = Azure|Any CPU
		{0F590BB4-E818-4A30-8AE0-A0D0895E5C92}.Ad-Hoc|iPhone.Build.0 = Azure|Any CPU
		{0F590BB4-E818-4A30-8AE0-A0D0895E5C92}.Ad-Hoc|iPhoneSimulator.ActiveCfg = Azure|Any CPU
		{0F590BB4-E818-4A30-8AE0-A0D0895E5C92}.Ad-Hoc|iPhoneSimulator.Build.0 = Azure|Any CPU
		{0F590BB4-E818-4A30-8AE0-A0D0895E5C92}.Ad-Hoc|x64.ActiveCfg = Azure|Any CPU
		{0F590BB4-E818-4A30-8AE0-A0D0895E5C92}.Ad-Hoc|x64.Build.0 = Azure|Any CPU
		{0F590BB4-E818-4A30-8AE0-A0D0895E5C92}.Ad-Hoc|x86.ActiveCfg = Azure|Any CPU
		{0F590BB4-E818-4A30-8AE0-A0D0895E5C92}.Ad-Hoc|x86.Build.0 = Azure|Any CPU
		{0F590BB4-E818-4A30-8AE0-A0D0895E5C92}.AppStore|Any CPU.ActiveCfg = Azure|Any CPU
		{0F590BB4-E818-4A30-8AE0-A0D0895E5C92}.AppStore|Any CPU.Build.0 = Azure|Any CPU
		{0F590BB4-E818-4A30-8AE0-A0D0895E5C92}.AppStore|ARM.ActiveCfg = Azure|Any CPU
		{0F590BB4-E818-4A30-8AE0-A0D0895E5C92}.AppStore|ARM.Build.0 = Azure|Any CPU
		{0F590BB4-E818-4A30-8AE0-A0D0895E5C92}.AppStore|iPhone.ActiveCfg = Azure|Any CPU
		{0F590BB4-E818-4A30-8AE0-A0D0895E5C92}.AppStore|iPhone.Build.0 = Azure|Any CPU
		{0F590BB4-E818-4A30-8AE0-A0D0895E5C92}.AppStore|iPhoneSimulator.ActiveCfg = Azure|Any CPU
		{0F590BB4-E818-4A30-8AE0-A0D0895E5C92}.AppStore|iPhoneSimulator.Build.0 = Azure|Any CPU
		{0F590BB4-E818-4A30-8AE0-A0D0895E5C92}.AppStore|x64.ActiveCfg = Azure|Any CPU
		{0F590BB4-E818-4A30-8AE0-A0D0895E5C92}.AppStore|x64.Build.0 = Azure|Any CPU
		{0F590BB4-E818-4A30-8AE0-A0D0895E5C92}.AppStore|x86.ActiveCfg = Azure|Any CPU
		{0F590BB4-E818-4A30-8AE0-A0D0895E5C92}.AppStore|x86.Build.0 = Azure|Any CPU
		{0F590BB4-E818-4A30-8AE0-A0D0895E5C92}.Azure|Any CPU.ActiveCfg = Azure|Any CPU
		{0F590BB4-E818-4A30-8AE0-A0D0895E5C92}.Azure|Any CPU.Build.0 = Azure|Any CPU
		{0F590BB4-E818-4A30-8AE0-A0D0895E5C92}.Azure|ARM.ActiveCfg = Azure|Any CPU
		{0F590BB4-E818-4A30-8AE0-A0D0895E5C92}.Azure|ARM.Build.0 = Azure|Any CPU
		{0F590BB4-E818-4A30-8AE0-A0D0895E5C92}.Azure|iPhone.ActiveCfg = Azure|Any CPU
		{0F590BB4-E818-4A30-8AE0-A0D0895E5C92}.Azure|iPhone.Build.0 = Azure|Any CPU
		{0F590BB4-E818-4A30-8AE0-A0D0895E5C92}.Azure|iPhoneSimulator.ActiveCfg = Azure|Any CPU
		{0F590BB4-E818-4A30-8AE0-A0D0895E5C92}.Azure|iPhoneSimulator.Build.0 = Azure|Any CPU
		{0F590BB4-E818-4A30-8AE0-A0D0895E5C92}.Azure|x64.ActiveCfg = Azure|Any CPU
		{0F590BB4-E818-4A30-8AE0-A0D0895E5C92}.Azure|x64.Build.0 = Azure|Any CPU
		{0F590BB4-E818-4A30-8AE0-A0D0895E5C92}.Azure|x86.ActiveCfg = Azure|Any CPU
		{0F590BB4-E818-4A30-8AE0-A0D0895E5C92}.Azure|x86.Build.0 = Azure|Any CPU
		{0F590BB4-E818-4A30-8AE0-A0D0895E5C92}.Debug|Any CPU.ActiveCfg = Debug|Any CPU
		{0F590BB4-E818-4A30-8AE0-A0D0895E5C92}.Debug|Any CPU.Build.0 = Debug|Any CPU
		{0F590BB4-E818-4A30-8AE0-A0D0895E5C92}.Debug|ARM.ActiveCfg = Debug|Any CPU
		{0F590BB4-E818-4A30-8AE0-A0D0895E5C92}.Debug|ARM.Build.0 = Debug|Any CPU
		{0F590BB4-E818-4A30-8AE0-A0D0895E5C92}.Debug|iPhone.ActiveCfg = Debug|Any CPU
		{0F590BB4-E818-4A30-8AE0-A0D0895E5C92}.Debug|iPhone.Build.0 = Debug|Any CPU
		{0F590BB4-E818-4A30-8AE0-A0D0895E5C92}.Debug|iPhoneSimulator.ActiveCfg = Debug|Any CPU
		{0F590BB4-E818-4A30-8AE0-A0D0895E5C92}.Debug|iPhoneSimulator.Build.0 = Debug|Any CPU
		{0F590BB4-E818-4A30-8AE0-A0D0895E5C92}.Debug|x64.ActiveCfg = Debug|Any CPU
		{0F590BB4-E818-4A30-8AE0-A0D0895E5C92}.Debug|x64.Build.0 = Debug|Any CPU
		{0F590BB4-E818-4A30-8AE0-A0D0895E5C92}.Debug|x86.ActiveCfg = Debug|Any CPU
		{0F590BB4-E818-4A30-8AE0-A0D0895E5C92}.Debug|x86.Build.0 = Debug|Any CPU
		{0F590BB4-E818-4A30-8AE0-A0D0895E5C92}.localhost|Any CPU.ActiveCfg = localhost|Any CPU
		{0F590BB4-E818-4A30-8AE0-A0D0895E5C92}.localhost|Any CPU.Build.0 = localhost|Any CPU
		{0F590BB4-E818-4A30-8AE0-A0D0895E5C92}.localhost|ARM.ActiveCfg = localhost|Any CPU
		{0F590BB4-E818-4A30-8AE0-A0D0895E5C92}.localhost|ARM.Build.0 = localhost|Any CPU
		{0F590BB4-E818-4A30-8AE0-A0D0895E5C92}.localhost|iPhone.ActiveCfg = localhost|Any CPU
		{0F590BB4-E818-4A30-8AE0-A0D0895E5C92}.localhost|iPhone.Build.0 = localhost|Any CPU
		{0F590BB4-E818-4A30-8AE0-A0D0895E5C92}.localhost|iPhoneSimulator.ActiveCfg = localhost|Any CPU
		{0F590BB4-E818-4A30-8AE0-A0D0895E5C92}.localhost|iPhoneSimulator.Build.0 = localhost|Any CPU
		{0F590BB4-E818-4A30-8AE0-A0D0895E5C92}.localhost|x64.ActiveCfg = localhost|Any CPU
		{0F590BB4-E818-4A30-8AE0-A0D0895E5C92}.localhost|x64.Build.0 = localhost|Any CPU
		{0F590BB4-E818-4A30-8AE0-A0D0895E5C92}.localhost|x86.ActiveCfg = localhost|Any CPU
		{0F590BB4-E818-4A30-8AE0-A0D0895E5C92}.localhost|x86.Build.0 = localhost|Any CPU
		{0F590BB4-E818-4A30-8AE0-A0D0895E5C92}.Release|Any CPU.ActiveCfg = Release|Any CPU
		{0F590BB4-E818-4A30-8AE0-A0D0895E5C92}.Release|Any CPU.Build.0 = Release|Any CPU
		{0F590BB4-E818-4A30-8AE0-A0D0895E5C92}.Release|ARM.ActiveCfg = Release|Any CPU
		{0F590BB4-E818-4A30-8AE0-A0D0895E5C92}.Release|ARM.Build.0 = Release|Any CPU
		{0F590BB4-E818-4A30-8AE0-A0D0895E5C92}.Release|iPhone.ActiveCfg = Release|Any CPU
		{0F590BB4-E818-4A30-8AE0-A0D0895E5C92}.Release|iPhone.Build.0 = Release|Any CPU
		{0F590BB4-E818-4A30-8AE0-A0D0895E5C92}.Release|iPhoneSimulator.ActiveCfg = Release|Any CPU
		{0F590BB4-E818-4A30-8AE0-A0D0895E5C92}.Release|iPhoneSimulator.Build.0 = Release|Any CPU
		{0F590BB4-E818-4A30-8AE0-A0D0895E5C92}.Release|x64.ActiveCfg = Release|Any CPU
		{0F590BB4-E818-4A30-8AE0-A0D0895E5C92}.Release|x64.Build.0 = Release|Any CPU
		{0F590BB4-E818-4A30-8AE0-A0D0895E5C92}.Release|x86.ActiveCfg = Release|Any CPU
		{0F590BB4-E818-4A30-8AE0-A0D0895E5C92}.Release|x86.Build.0 = Release|Any CPU
		{0F590BB4-E818-4A30-8AE0-A0D0895E5C92}.Subvencion|Any CPU.ActiveCfg = Subvencion|Any CPU
		{0F590BB4-E818-4A30-8AE0-A0D0895E5C92}.Subvencion|Any CPU.Build.0 = Subvencion|Any CPU
		{0F590BB4-E818-4A30-8AE0-A0D0895E5C92}.Subvencion|ARM.ActiveCfg = Subvencion|Any CPU
		{0F590BB4-E818-4A30-8AE0-A0D0895E5C92}.Subvencion|ARM.Build.0 = Subvencion|Any CPU
		{0F590BB4-E818-4A30-8AE0-A0D0895E5C92}.Subvencion|iPhone.ActiveCfg = Subvencion|Any CPU
		{0F590BB4-E818-4A30-8AE0-A0D0895E5C92}.Subvencion|iPhone.Build.0 = Subvencion|Any CPU
		{0F590BB4-E818-4A30-8AE0-A0D0895E5C92}.Subvencion|iPhoneSimulator.ActiveCfg = Subvencion|Any CPU
		{0F590BB4-E818-4A30-8AE0-A0D0895E5C92}.Subvencion|iPhoneSimulator.Build.0 = Subvencion|Any CPU
		{0F590BB4-E818-4A30-8AE0-A0D0895E5C92}.Subvencion|x64.ActiveCfg = Subvencion|Any CPU
		{0F590BB4-E818-4A30-8AE0-A0D0895E5C92}.Subvencion|x64.Build.0 = Subvencion|Any CPU
		{0F590BB4-E818-4A30-8AE0-A0D0895E5C92}.Subvencion|x86.ActiveCfg = Subvencion|Any CPU
		{0F590BB4-E818-4A30-8AE0-A0D0895E5C92}.Subvencion|x86.Build.0 = Subvencion|Any CPU
		{9BFE13A6-F5D9-41F7-B3ED-32CC890BBC75}.Ad-Hoc|Any CPU.ActiveCfg = Azure|Any CPU
		{9BFE13A6-F5D9-41F7-B3ED-32CC890BBC75}.Ad-Hoc|Any CPU.Build.0 = Azure|Any CPU
		{9BFE13A6-F5D9-41F7-B3ED-32CC890BBC75}.Ad-Hoc|ARM.ActiveCfg = Azure|Any CPU
		{9BFE13A6-F5D9-41F7-B3ED-32CC890BBC75}.Ad-Hoc|ARM.Build.0 = Azure|Any CPU
		{9BFE13A6-F5D9-41F7-B3ED-32CC890BBC75}.Ad-Hoc|iPhone.ActiveCfg = Azure|Any CPU
		{9BFE13A6-F5D9-41F7-B3ED-32CC890BBC75}.Ad-Hoc|iPhone.Build.0 = Azure|Any CPU
		{9BFE13A6-F5D9-41F7-B3ED-32CC890BBC75}.Ad-Hoc|iPhoneSimulator.ActiveCfg = Azure|Any CPU
		{9BFE13A6-F5D9-41F7-B3ED-32CC890BBC75}.Ad-Hoc|iPhoneSimulator.Build.0 = Azure|Any CPU
		{9BFE13A6-F5D9-41F7-B3ED-32CC890BBC75}.Ad-Hoc|x64.ActiveCfg = Azure|Any CPU
		{9BFE13A6-F5D9-41F7-B3ED-32CC890BBC75}.Ad-Hoc|x64.Build.0 = Azure|Any CPU
		{9BFE13A6-F5D9-41F7-B3ED-32CC890BBC75}.Ad-Hoc|x86.ActiveCfg = Azure|Any CPU
		{9BFE13A6-F5D9-41F7-B3ED-32CC890BBC75}.Ad-Hoc|x86.Build.0 = Azure|Any CPU
		{9BFE13A6-F5D9-41F7-B3ED-32CC890BBC75}.AppStore|Any CPU.ActiveCfg = Azure|Any CPU
		{9BFE13A6-F5D9-41F7-B3ED-32CC890BBC75}.AppStore|Any CPU.Build.0 = Azure|Any CPU
		{9BFE13A6-F5D9-41F7-B3ED-32CC890BBC75}.AppStore|ARM.ActiveCfg = Azure|Any CPU
		{9BFE13A6-F5D9-41F7-B3ED-32CC890BBC75}.AppStore|ARM.Build.0 = Azure|Any CPU
		{9BFE13A6-F5D9-41F7-B3ED-32CC890BBC75}.AppStore|iPhone.ActiveCfg = Azure|Any CPU
		{9BFE13A6-F5D9-41F7-B3ED-32CC890BBC75}.AppStore|iPhone.Build.0 = Azure|Any CPU
		{9BFE13A6-F5D9-41F7-B3ED-32CC890BBC75}.AppStore|iPhoneSimulator.ActiveCfg = Azure|Any CPU
		{9BFE13A6-F5D9-41F7-B3ED-32CC890BBC75}.AppStore|iPhoneSimulator.Build.0 = Azure|Any CPU
		{9BFE13A6-F5D9-41F7-B3ED-32CC890BBC75}.AppStore|x64.ActiveCfg = Azure|Any CPU
		{9BFE13A6-F5D9-41F7-B3ED-32CC890BBC75}.AppStore|x64.Build.0 = Azure|Any CPU
		{9BFE13A6-F5D9-41F7-B3ED-32CC890BBC75}.AppStore|x86.ActiveCfg = Azure|Any CPU
		{9BFE13A6-F5D9-41F7-B3ED-32CC890BBC75}.AppStore|x86.Build.0 = Azure|Any CPU
		{9BFE13A6-F5D9-41F7-B3ED-32CC890BBC75}.Azure|Any CPU.ActiveCfg = Azure|Any CPU
		{9BFE13A6-F5D9-41F7-B3ED-32CC890BBC75}.Azure|Any CPU.Build.0 = Azure|Any CPU
		{9BFE13A6-F5D9-41F7-B3ED-32CC890BBC75}.Azure|ARM.ActiveCfg = Azure|Any CPU
		{9BFE13A6-F5D9-41F7-B3ED-32CC890BBC75}.Azure|ARM.Build.0 = Azure|Any CPU
		{9BFE13A6-F5D9-41F7-B3ED-32CC890BBC75}.Azure|iPhone.ActiveCfg = Azure|Any CPU
		{9BFE13A6-F5D9-41F7-B3ED-32CC890BBC75}.Azure|iPhone.Build.0 = Azure|Any CPU
		{9BFE13A6-F5D9-41F7-B3ED-32CC890BBC75}.Azure|iPhoneSimulator.ActiveCfg = Azure|Any CPU
		{9BFE13A6-F5D9-41F7-B3ED-32CC890BBC75}.Azure|iPhoneSimulator.Build.0 = Azure|Any CPU
		{9BFE13A6-F5D9-41F7-B3ED-32CC890BBC75}.Azure|x64.ActiveCfg = Azure|Any CPU
		{9BFE13A6-F5D9-41F7-B3ED-32CC890BBC75}.Azure|x64.Build.0 = Azure|Any CPU
		{9BFE13A6-F5D9-41F7-B3ED-32CC890BBC75}.Azure|x86.ActiveCfg = Azure|Any CPU
		{9BFE13A6-F5D9-41F7-B3ED-32CC890BBC75}.Azure|x86.Build.0 = Azure|Any CPU
		{9BFE13A6-F5D9-41F7-B3ED-32CC890BBC75}.Debug|Any CPU.ActiveCfg = Debug|Any CPU
		{9BFE13A6-F5D9-41F7-B3ED-32CC890BBC75}.Debug|Any CPU.Build.0 = Debug|Any CPU
		{9BFE13A6-F5D9-41F7-B3ED-32CC890BBC75}.Debug|ARM.ActiveCfg = Debug|Any CPU
		{9BFE13A6-F5D9-41F7-B3ED-32CC890BBC75}.Debug|ARM.Build.0 = Debug|Any CPU
		{9BFE13A6-F5D9-41F7-B3ED-32CC890BBC75}.Debug|iPhone.ActiveCfg = Debug|Any CPU
		{9BFE13A6-F5D9-41F7-B3ED-32CC890BBC75}.Debug|iPhone.Build.0 = Debug|Any CPU
		{9BFE13A6-F5D9-41F7-B3ED-32CC890BBC75}.Debug|iPhoneSimulator.ActiveCfg = Debug|Any CPU
		{9BFE13A6-F5D9-41F7-B3ED-32CC890BBC75}.Debug|iPhoneSimulator.Build.0 = Debug|Any CPU
		{9BFE13A6-F5D9-41F7-B3ED-32CC890BBC75}.Debug|x64.ActiveCfg = Debug|Any CPU
		{9BFE13A6-F5D9-41F7-B3ED-32CC890BBC75}.Debug|x64.Build.0 = Debug|Any CPU
		{9BFE13A6-F5D9-41F7-B3ED-32CC890BBC75}.Debug|x86.ActiveCfg = Debug|Any CPU
		{9BFE13A6-F5D9-41F7-B3ED-32CC890BBC75}.Debug|x86.Build.0 = Debug|Any CPU
		{9BFE13A6-F5D9-41F7-B3ED-32CC890BBC75}.localhost|Any CPU.ActiveCfg = localhost|Any CPU
		{9BFE13A6-F5D9-41F7-B3ED-32CC890BBC75}.localhost|Any CPU.Build.0 = localhost|Any CPU
		{9BFE13A6-F5D9-41F7-B3ED-32CC890BBC75}.localhost|ARM.ActiveCfg = localhost|Any CPU
		{9BFE13A6-F5D9-41F7-B3ED-32CC890BBC75}.localhost|ARM.Build.0 = localhost|Any CPU
		{9BFE13A6-F5D9-41F7-B3ED-32CC890BBC75}.localhost|iPhone.ActiveCfg = localhost|Any CPU
		{9BFE13A6-F5D9-41F7-B3ED-32CC890BBC75}.localhost|iPhone.Build.0 = localhost|Any CPU
		{9BFE13A6-F5D9-41F7-B3ED-32CC890BBC75}.localhost|iPhoneSimulator.ActiveCfg = localhost|Any CPU
		{9BFE13A6-F5D9-41F7-B3ED-32CC890BBC75}.localhost|iPhoneSimulator.Build.0 = localhost|Any CPU
		{9BFE13A6-F5D9-41F7-B3ED-32CC890BBC75}.localhost|x64.ActiveCfg = localhost|Any CPU
		{9BFE13A6-F5D9-41F7-B3ED-32CC890BBC75}.localhost|x64.Build.0 = localhost|Any CPU
		{9BFE13A6-F5D9-41F7-B3ED-32CC890BBC75}.localhost|x86.ActiveCfg = localhost|Any CPU
		{9BFE13A6-F5D9-41F7-B3ED-32CC890BBC75}.localhost|x86.Build.0 = localhost|Any CPU
		{9BFE13A6-F5D9-41F7-B3ED-32CC890BBC75}.Release|Any CPU.ActiveCfg = Release|Any CPU
		{9BFE13A6-F5D9-41F7-B3ED-32CC890BBC75}.Release|Any CPU.Build.0 = Release|Any CPU
		{9BFE13A6-F5D9-41F7-B3ED-32CC890BBC75}.Release|ARM.ActiveCfg = Release|Any CPU
		{9BFE13A6-F5D9-41F7-B3ED-32CC890BBC75}.Release|ARM.Build.0 = Release|Any CPU
		{9BFE13A6-F5D9-41F7-B3ED-32CC890BBC75}.Release|iPhone.ActiveCfg = Release|Any CPU
		{9BFE13A6-F5D9-41F7-B3ED-32CC890BBC75}.Release|iPhone.Build.0 = Release|Any CPU
		{9BFE13A6-F5D9-41F7-B3ED-32CC890BBC75}.Release|iPhoneSimulator.ActiveCfg = Release|Any CPU
		{9BFE13A6-F5D9-41F7-B3ED-32CC890BBC75}.Release|iPhoneSimulator.Build.0 = Release|Any CPU
		{9BFE13A6-F5D9-41F7-B3ED-32CC890BBC75}.Release|x64.ActiveCfg = Release|Any CPU
		{9BFE13A6-F5D9-41F7-B3ED-32CC890BBC75}.Release|x64.Build.0 = Release|Any CPU
		{9BFE13A6-F5D9-41F7-B3ED-32CC890BBC75}.Release|x86.ActiveCfg = Release|Any CPU
		{9BFE13A6-F5D9-41F7-B3ED-32CC890BBC75}.Release|x86.Build.0 = Release|Any CPU
		{9BFE13A6-F5D9-41F7-B3ED-32CC890BBC75}.Subvencion|Any CPU.ActiveCfg = Subvencion|Any CPU
		{9BFE13A6-F5D9-41F7-B3ED-32CC890BBC75}.Subvencion|Any CPU.Build.0 = Subvencion|Any CPU
		{9BFE13A6-F5D9-41F7-B3ED-32CC890BBC75}.Subvencion|ARM.ActiveCfg = Subvencion|Any CPU
		{9BFE13A6-F5D9-41F7-B3ED-32CC890BBC75}.Subvencion|ARM.Build.0 = Subvencion|Any CPU
		{9BFE13A6-F5D9-41F7-B3ED-32CC890BBC75}.Subvencion|iPhone.ActiveCfg = Subvencion|Any CPU
		{9BFE13A6-F5D9-41F7-B3ED-32CC890BBC75}.Subvencion|iPhone.Build.0 = Subvencion|Any CPU
		{9BFE13A6-F5D9-41F7-B3ED-32CC890BBC75}.Subvencion|iPhoneSimulator.ActiveCfg = Subvencion|Any CPU
		{9BFE13A6-F5D9-41F7-B3ED-32CC890BBC75}.Subvencion|iPhoneSimulator.Build.0 = Subvencion|Any CPU
		{9BFE13A6-F5D9-41F7-B3ED-32CC890BBC75}.Subvencion|x64.ActiveCfg = Subvencion|Any CPU
		{9BFE13A6-F5D9-41F7-B3ED-32CC890BBC75}.Subvencion|x64.Build.0 = Subvencion|Any CPU
		{9BFE13A6-F5D9-41F7-B3ED-32CC890BBC75}.Subvencion|x86.ActiveCfg = Subvencion|Any CPU
		{9BFE13A6-F5D9-41F7-B3ED-32CC890BBC75}.Subvencion|x86.Build.0 = Subvencion|Any CPU
		{7EE43124-0088-40B5-B777-DD164CA282DF}.Ad-Hoc|Any CPU.ActiveCfg = Subvencion|Any CPU
		{7EE43124-0088-40B5-B777-DD164CA282DF}.Ad-Hoc|Any CPU.Build.0 = Subvencion|Any CPU
		{7EE43124-0088-40B5-B777-DD164CA282DF}.Ad-Hoc|ARM.ActiveCfg = Subvencion|Any CPU
		{7EE43124-0088-40B5-B777-DD164CA282DF}.Ad-Hoc|ARM.Build.0 = Subvencion|Any CPU
		{7EE43124-0088-40B5-B777-DD164CA282DF}.Ad-Hoc|iPhone.ActiveCfg = Subvencion|Any CPU
		{7EE43124-0088-40B5-B777-DD164CA282DF}.Ad-Hoc|iPhone.Build.0 = Subvencion|Any CPU
		{7EE43124-0088-40B5-B777-DD164CA282DF}.Ad-Hoc|iPhoneSimulator.ActiveCfg = Subvencion|Any CPU
		{7EE43124-0088-40B5-B777-DD164CA282DF}.Ad-Hoc|iPhoneSimulator.Build.0 = Subvencion|Any CPU
		{7EE43124-0088-40B5-B777-DD164CA282DF}.Ad-Hoc|x64.ActiveCfg = Subvencion|Any CPU
		{7EE43124-0088-40B5-B777-DD164CA282DF}.Ad-Hoc|x64.Build.0 = Subvencion|Any CPU
		{7EE43124-0088-40B5-B777-DD164CA282DF}.Ad-Hoc|x86.ActiveCfg = Subvencion|Any CPU
		{7EE43124-0088-40B5-B777-DD164CA282DF}.Ad-Hoc|x86.Build.0 = Subvencion|Any CPU
		{7EE43124-0088-40B5-B777-DD164CA282DF}.AppStore|Any CPU.ActiveCfg = Subvencion|Any CPU
		{7EE43124-0088-40B5-B777-DD164CA282DF}.AppStore|Any CPU.Build.0 = Subvencion|Any CPU
		{7EE43124-0088-40B5-B777-DD164CA282DF}.AppStore|ARM.ActiveCfg = Subvencion|Any CPU
		{7EE43124-0088-40B5-B777-DD164CA282DF}.AppStore|ARM.Build.0 = Subvencion|Any CPU
		{7EE43124-0088-40B5-B777-DD164CA282DF}.AppStore|iPhone.ActiveCfg = Subvencion|Any CPU
		{7EE43124-0088-40B5-B777-DD164CA282DF}.AppStore|iPhone.Build.0 = Subvencion|Any CPU
		{7EE43124-0088-40B5-B777-DD164CA282DF}.AppStore|iPhoneSimulator.ActiveCfg = Subvencion|Any CPU
		{7EE43124-0088-40B5-B777-DD164CA282DF}.AppStore|iPhoneSimulator.Build.0 = Subvencion|Any CPU
		{7EE43124-0088-40B5-B777-DD164CA282DF}.AppStore|x64.ActiveCfg = Subvencion|Any CPU
		{7EE43124-0088-40B5-B777-DD164CA282DF}.AppStore|x64.Build.0 = Subvencion|Any CPU
		{7EE43124-0088-40B5-B777-DD164CA282DF}.AppStore|x86.ActiveCfg = Subvencion|Any CPU
		{7EE43124-0088-40B5-B777-DD164CA282DF}.AppStore|x86.Build.0 = Subvencion|Any CPU
		{7EE43124-0088-40B5-B777-DD164CA282DF}.Azure|Any CPU.ActiveCfg = Release|Any CPU
		{7EE43124-0088-40B5-B777-DD164CA282DF}.Azure|Any CPU.Build.0 = Release|Any CPU
		{7EE43124-0088-40B5-B777-DD164CA282DF}.Azure|ARM.ActiveCfg = Subvencion|Any CPU
		{7EE43124-0088-40B5-B777-DD164CA282DF}.Azure|ARM.Build.0 = Subvencion|Any CPU
		{7EE43124-0088-40B5-B777-DD164CA282DF}.Azure|iPhone.ActiveCfg = Subvencion|Any CPU
		{7EE43124-0088-40B5-B777-DD164CA282DF}.Azure|iPhone.Build.0 = Subvencion|Any CPU
		{7EE43124-0088-40B5-B777-DD164CA282DF}.Azure|iPhoneSimulator.ActiveCfg = Subvencion|Any CPU
		{7EE43124-0088-40B5-B777-DD164CA282DF}.Azure|iPhoneSimulator.Build.0 = Subvencion|Any CPU
		{7EE43124-0088-40B5-B777-DD164CA282DF}.Azure|x64.ActiveCfg = Release|Any CPU
		{7EE43124-0088-40B5-B777-DD164CA282DF}.Azure|x64.Build.0 = Release|Any CPU
		{7EE43124-0088-40B5-B777-DD164CA282DF}.Azure|x86.ActiveCfg = Release|Any CPU
		{7EE43124-0088-40B5-B777-DD164CA282DF}.Azure|x86.Build.0 = Release|Any CPU
		{7EE43124-0088-40B5-B777-DD164CA282DF}.Debug|Any CPU.ActiveCfg = Debug|Any CPU
		{7EE43124-0088-40B5-B777-DD164CA282DF}.Debug|Any CPU.Build.0 = Debug|Any CPU
		{7EE43124-0088-40B5-B777-DD164CA282DF}.Debug|ARM.ActiveCfg = Debug|Any CPU
		{7EE43124-0088-40B5-B777-DD164CA282DF}.Debug|ARM.Build.0 = Debug|Any CPU
		{7EE43124-0088-40B5-B777-DD164CA282DF}.Debug|iPhone.ActiveCfg = Debug|Any CPU
		{7EE43124-0088-40B5-B777-DD164CA282DF}.Debug|iPhone.Build.0 = Debug|Any CPU
		{7EE43124-0088-40B5-B777-DD164CA282DF}.Debug|iPhoneSimulator.ActiveCfg = Debug|Any CPU
		{7EE43124-0088-40B5-B777-DD164CA282DF}.Debug|iPhoneSimulator.Build.0 = Debug|Any CPU
		{7EE43124-0088-40B5-B777-DD164CA282DF}.Debug|x64.ActiveCfg = Debug|Any CPU
		{7EE43124-0088-40B5-B777-DD164CA282DF}.Debug|x64.Build.0 = Debug|Any CPU
		{7EE43124-0088-40B5-B777-DD164CA282DF}.Debug|x86.ActiveCfg = Debug|Any CPU
		{7EE43124-0088-40B5-B777-DD164CA282DF}.Debug|x86.Build.0 = Debug|Any CPU
		{7EE43124-0088-40B5-B777-DD164CA282DF}.localhost|Any CPU.ActiveCfg = localhost|Any CPU
		{7EE43124-0088-40B5-B777-DD164CA282DF}.localhost|Any CPU.Build.0 = localhost|Any CPU
		{7EE43124-0088-40B5-B777-DD164CA282DF}.localhost|ARM.ActiveCfg = localhost|Any CPU
		{7EE43124-0088-40B5-B777-DD164CA282DF}.localhost|ARM.Build.0 = localhost|Any CPU
		{7EE43124-0088-40B5-B777-DD164CA282DF}.localhost|iPhone.ActiveCfg = localhost|Any CPU
		{7EE43124-0088-40B5-B777-DD164CA282DF}.localhost|iPhone.Build.0 = localhost|Any CPU
		{7EE43124-0088-40B5-B777-DD164CA282DF}.localhost|iPhoneSimulator.ActiveCfg = localhost|Any CPU
		{7EE43124-0088-40B5-B777-DD164CA282DF}.localhost|iPhoneSimulator.Build.0 = localhost|Any CPU
		{7EE43124-0088-40B5-B777-DD164CA282DF}.localhost|x64.ActiveCfg = localhost|Any CPU
		{7EE43124-0088-40B5-B777-DD164CA282DF}.localhost|x64.Build.0 = localhost|Any CPU
		{7EE43124-0088-40B5-B777-DD164CA282DF}.localhost|x86.ActiveCfg = localhost|Any CPU
		{7EE43124-0088-40B5-B777-DD164CA282DF}.localhost|x86.Build.0 = localhost|Any CPU
		{7EE43124-0088-40B5-B777-DD164CA282DF}.Release|Any CPU.ActiveCfg = Release|Any CPU
		{7EE43124-0088-40B5-B777-DD164CA282DF}.Release|Any CPU.Build.0 = Release|Any CPU
		{7EE43124-0088-40B5-B777-DD164CA282DF}.Release|ARM.ActiveCfg = Release|Any CPU
		{7EE43124-0088-40B5-B777-DD164CA282DF}.Release|ARM.Build.0 = Release|Any CPU
		{7EE43124-0088-40B5-B777-DD164CA282DF}.Release|iPhone.ActiveCfg = Release|Any CPU
		{7EE43124-0088-40B5-B777-DD164CA282DF}.Release|iPhone.Build.0 = Release|Any CPU
		{7EE43124-0088-40B5-B777-DD164CA282DF}.Release|iPhoneSimulator.ActiveCfg = Release|Any CPU
		{7EE43124-0088-40B5-B777-DD164CA282DF}.Release|iPhoneSimulator.Build.0 = Release|Any CPU
		{7EE43124-0088-40B5-B777-DD164CA282DF}.Release|x64.ActiveCfg = Release|Any CPU
		{7EE43124-0088-40B5-B777-DD164CA282DF}.Release|x64.Build.0 = Release|Any CPU
		{7EE43124-0088-40B5-B777-DD164CA282DF}.Release|x86.ActiveCfg = Release|Any CPU
		{7EE43124-0088-40B5-B777-DD164CA282DF}.Release|x86.Build.0 = Release|Any CPU
		{7EE43124-0088-40B5-B777-DD164CA282DF}.Subvencion|Any CPU.ActiveCfg = Subvencion|Any CPU
		{7EE43124-0088-40B5-B777-DD164CA282DF}.Subvencion|Any CPU.Build.0 = Subvencion|Any CPU
		{7EE43124-0088-40B5-B777-DD164CA282DF}.Subvencion|ARM.ActiveCfg = Subvencion|Any CPU
		{7EE43124-0088-40B5-B777-DD164CA282DF}.Subvencion|ARM.Build.0 = Subvencion|Any CPU
		{7EE43124-0088-40B5-B777-DD164CA282DF}.Subvencion|iPhone.ActiveCfg = Subvencion|Any CPU
		{7EE43124-0088-40B5-B777-DD164CA282DF}.Subvencion|iPhone.Build.0 = Subvencion|Any CPU
		{7EE43124-0088-40B5-B777-DD164CA282DF}.Subvencion|iPhoneSimulator.ActiveCfg = Subvencion|Any CPU
		{7EE43124-0088-40B5-B777-DD164CA282DF}.Subvencion|iPhoneSimulator.Build.0 = Subvencion|Any CPU
		{7EE43124-0088-40B5-B777-DD164CA282DF}.Subvencion|x64.ActiveCfg = Subvencion|Any CPU
		{7EE43124-0088-40B5-B777-DD164CA282DF}.Subvencion|x64.Build.0 = Subvencion|Any CPU
		{7EE43124-0088-40B5-B777-DD164CA282DF}.Subvencion|x86.ActiveCfg = Subvencion|Any CPU
		{7EE43124-0088-40B5-B777-DD164CA282DF}.Subvencion|x86.Build.0 = Subvencion|Any CPU
		{FC7A5ACD-EF6B-4621-98C0-853B0F11BE9D}.Ad-Hoc|Any CPU.ActiveCfg = Subvencion|Any CPU
		{FC7A5ACD-EF6B-4621-98C0-853B0F11BE9D}.Ad-Hoc|Any CPU.Build.0 = Subvencion|Any CPU
		{FC7A5ACD-EF6B-4621-98C0-853B0F11BE9D}.Ad-Hoc|ARM.ActiveCfg = Subvencion|Any CPU
		{FC7A5ACD-EF6B-4621-98C0-853B0F11BE9D}.Ad-Hoc|ARM.Build.0 = Subvencion|Any CPU
		{FC7A5ACD-EF6B-4621-98C0-853B0F11BE9D}.Ad-Hoc|iPhone.ActiveCfg = Subvencion|Any CPU
		{FC7A5ACD-EF6B-4621-98C0-853B0F11BE9D}.Ad-Hoc|iPhone.Build.0 = Subvencion|Any CPU
		{FC7A5ACD-EF6B-4621-98C0-853B0F11BE9D}.Ad-Hoc|iPhoneSimulator.ActiveCfg = Subvencion|Any CPU
		{FC7A5ACD-EF6B-4621-98C0-853B0F11BE9D}.Ad-Hoc|iPhoneSimulator.Build.0 = Subvencion|Any CPU
		{FC7A5ACD-EF6B-4621-98C0-853B0F11BE9D}.Ad-Hoc|x64.ActiveCfg = Subvencion|Any CPU
		{FC7A5ACD-EF6B-4621-98C0-853B0F11BE9D}.Ad-Hoc|x64.Build.0 = Subvencion|Any CPU
		{FC7A5ACD-EF6B-4621-98C0-853B0F11BE9D}.Ad-Hoc|x86.ActiveCfg = Subvencion|Any CPU
		{FC7A5ACD-EF6B-4621-98C0-853B0F11BE9D}.Ad-Hoc|x86.Build.0 = Subvencion|Any CPU
		{FC7A5ACD-EF6B-4621-98C0-853B0F11BE9D}.AppStore|Any CPU.ActiveCfg = Subvencion|Any CPU
		{FC7A5ACD-EF6B-4621-98C0-853B0F11BE9D}.AppStore|Any CPU.Build.0 = Subvencion|Any CPU
		{FC7A5ACD-EF6B-4621-98C0-853B0F11BE9D}.AppStore|ARM.ActiveCfg = Subvencion|Any CPU
		{FC7A5ACD-EF6B-4621-98C0-853B0F11BE9D}.AppStore|ARM.Build.0 = Subvencion|Any CPU
		{FC7A5ACD-EF6B-4621-98C0-853B0F11BE9D}.AppStore|iPhone.ActiveCfg = Subvencion|Any CPU
		{FC7A5ACD-EF6B-4621-98C0-853B0F11BE9D}.AppStore|iPhone.Build.0 = Subvencion|Any CPU
		{FC7A5ACD-EF6B-4621-98C0-853B0F11BE9D}.AppStore|iPhoneSimulator.ActiveCfg = Subvencion|Any CPU
		{FC7A5ACD-EF6B-4621-98C0-853B0F11BE9D}.AppStore|iPhoneSimulator.Build.0 = Subvencion|Any CPU
		{FC7A5ACD-EF6B-4621-98C0-853B0F11BE9D}.AppStore|x64.ActiveCfg = Subvencion|Any CPU
		{FC7A5ACD-EF6B-4621-98C0-853B0F11BE9D}.AppStore|x64.Build.0 = Subvencion|Any CPU
		{FC7A5ACD-EF6B-4621-98C0-853B0F11BE9D}.AppStore|x86.ActiveCfg = Subvencion|Any CPU
		{FC7A5ACD-EF6B-4621-98C0-853B0F11BE9D}.AppStore|x86.Build.0 = Subvencion|Any CPU
		{FC7A5ACD-EF6B-4621-98C0-853B0F11BE9D}.Azure|Any CPU.ActiveCfg = Release|Any CPU
		{FC7A5ACD-EF6B-4621-98C0-853B0F11BE9D}.Azure|Any CPU.Build.0 = Release|Any CPU
		{FC7A5ACD-EF6B-4621-98C0-853B0F11BE9D}.Azure|ARM.ActiveCfg = Subvencion|Any CPU
		{FC7A5ACD-EF6B-4621-98C0-853B0F11BE9D}.Azure|ARM.Build.0 = Subvencion|Any CPU
		{FC7A5ACD-EF6B-4621-98C0-853B0F11BE9D}.Azure|iPhone.ActiveCfg = Subvencion|Any CPU
		{FC7A5ACD-EF6B-4621-98C0-853B0F11BE9D}.Azure|iPhone.Build.0 = Subvencion|Any CPU
		{FC7A5ACD-EF6B-4621-98C0-853B0F11BE9D}.Azure|iPhoneSimulator.ActiveCfg = Subvencion|Any CPU
		{FC7A5ACD-EF6B-4621-98C0-853B0F11BE9D}.Azure|iPhoneSimulator.Build.0 = Subvencion|Any CPU
		{FC7A5ACD-EF6B-4621-98C0-853B0F11BE9D}.Azure|x64.ActiveCfg = Release|Any CPU
		{FC7A5ACD-EF6B-4621-98C0-853B0F11BE9D}.Azure|x64.Build.0 = Release|Any CPU
		{FC7A5ACD-EF6B-4621-98C0-853B0F11BE9D}.Azure|x86.ActiveCfg = Release|Any CPU
		{FC7A5ACD-EF6B-4621-98C0-853B0F11BE9D}.Azure|x86.Build.0 = Release|Any CPU
		{FC7A5ACD-EF6B-4621-98C0-853B0F11BE9D}.Debug|Any CPU.ActiveCfg = Debug|Any CPU
		{FC7A5ACD-EF6B-4621-98C0-853B0F11BE9D}.Debug|Any CPU.Build.0 = Debug|Any CPU
		{FC7A5ACD-EF6B-4621-98C0-853B0F11BE9D}.Debug|ARM.ActiveCfg = Debug|Any CPU
		{FC7A5ACD-EF6B-4621-98C0-853B0F11BE9D}.Debug|ARM.Build.0 = Debug|Any CPU
		{FC7A5ACD-EF6B-4621-98C0-853B0F11BE9D}.Debug|iPhone.ActiveCfg = Debug|Any CPU
		{FC7A5ACD-EF6B-4621-98C0-853B0F11BE9D}.Debug|iPhone.Build.0 = Debug|Any CPU
		{FC7A5ACD-EF6B-4621-98C0-853B0F11BE9D}.Debug|iPhoneSimulator.ActiveCfg = Debug|Any CPU
		{FC7A5ACD-EF6B-4621-98C0-853B0F11BE9D}.Debug|iPhoneSimulator.Build.0 = Debug|Any CPU
		{FC7A5ACD-EF6B-4621-98C0-853B0F11BE9D}.Debug|x64.ActiveCfg = Debug|Any CPU
		{FC7A5ACD-EF6B-4621-98C0-853B0F11BE9D}.Debug|x64.Build.0 = Debug|Any CPU
		{FC7A5ACD-EF6B-4621-98C0-853B0F11BE9D}.Debug|x86.ActiveCfg = Debug|Any CPU
		{FC7A5ACD-EF6B-4621-98C0-853B0F11BE9D}.Debug|x86.Build.0 = Debug|Any CPU
		{FC7A5ACD-EF6B-4621-98C0-853B0F11BE9D}.localhost|Any CPU.ActiveCfg = localhost|Any CPU
		{FC7A5ACD-EF6B-4621-98C0-853B0F11BE9D}.localhost|Any CPU.Build.0 = localhost|Any CPU
		{FC7A5ACD-EF6B-4621-98C0-853B0F11BE9D}.localhost|ARM.ActiveCfg = localhost|Any CPU
		{FC7A5ACD-EF6B-4621-98C0-853B0F11BE9D}.localhost|ARM.Build.0 = localhost|Any CPU
		{FC7A5ACD-EF6B-4621-98C0-853B0F11BE9D}.localhost|iPhone.ActiveCfg = localhost|Any CPU
		{FC7A5ACD-EF6B-4621-98C0-853B0F11BE9D}.localhost|iPhone.Build.0 = localhost|Any CPU
		{FC7A5ACD-EF6B-4621-98C0-853B0F11BE9D}.localhost|iPhoneSimulator.ActiveCfg = localhost|Any CPU
		{FC7A5ACD-EF6B-4621-98C0-853B0F11BE9D}.localhost|iPhoneSimulator.Build.0 = localhost|Any CPU
		{FC7A5ACD-EF6B-4621-98C0-853B0F11BE9D}.localhost|x64.ActiveCfg = localhost|Any CPU
		{FC7A5ACD-EF6B-4621-98C0-853B0F11BE9D}.localhost|x64.Build.0 = localhost|Any CPU
		{FC7A5ACD-EF6B-4621-98C0-853B0F11BE9D}.localhost|x86.ActiveCfg = localhost|Any CPU
		{FC7A5ACD-EF6B-4621-98C0-853B0F11BE9D}.localhost|x86.Build.0 = localhost|Any CPU
		{FC7A5ACD-EF6B-4621-98C0-853B0F11BE9D}.Release|Any CPU.ActiveCfg = Release|Any CPU
		{FC7A5ACD-EF6B-4621-98C0-853B0F11BE9D}.Release|Any CPU.Build.0 = Release|Any CPU
		{FC7A5ACD-EF6B-4621-98C0-853B0F11BE9D}.Release|ARM.ActiveCfg = Release|Any CPU
		{FC7A5ACD-EF6B-4621-98C0-853B0F11BE9D}.Release|ARM.Build.0 = Release|Any CPU
		{FC7A5ACD-EF6B-4621-98C0-853B0F11BE9D}.Release|iPhone.ActiveCfg = Release|Any CPU
		{FC7A5ACD-EF6B-4621-98C0-853B0F11BE9D}.Release|iPhone.Build.0 = Release|Any CPU
		{FC7A5ACD-EF6B-4621-98C0-853B0F11BE9D}.Release|iPhoneSimulator.ActiveCfg = Release|Any CPU
		{FC7A5ACD-EF6B-4621-98C0-853B0F11BE9D}.Release|iPhoneSimulator.Build.0 = Release|Any CPU
		{FC7A5ACD-EF6B-4621-98C0-853B0F11BE9D}.Release|x64.ActiveCfg = Release|Any CPU
		{FC7A5ACD-EF6B-4621-98C0-853B0F11BE9D}.Release|x64.Build.0 = Release|Any CPU
		{FC7A5ACD-EF6B-4621-98C0-853B0F11BE9D}.Release|x86.ActiveCfg = Release|Any CPU
		{FC7A5ACD-EF6B-4621-98C0-853B0F11BE9D}.Release|x86.Build.0 = Release|Any CPU
		{FC7A5ACD-EF6B-4621-98C0-853B0F11BE9D}.Subvencion|Any CPU.ActiveCfg = Subvencion|Any CPU
		{FC7A5ACD-EF6B-4621-98C0-853B0F11BE9D}.Subvencion|Any CPU.Build.0 = Subvencion|Any CPU
		{FC7A5ACD-EF6B-4621-98C0-853B0F11BE9D}.Subvencion|ARM.ActiveCfg = Subvencion|Any CPU
		{FC7A5ACD-EF6B-4621-98C0-853B0F11BE9D}.Subvencion|ARM.Build.0 = Subvencion|Any CPU
		{FC7A5ACD-EF6B-4621-98C0-853B0F11BE9D}.Subvencion|iPhone.ActiveCfg = Subvencion|Any CPU
		{FC7A5ACD-EF6B-4621-98C0-853B0F11BE9D}.Subvencion|iPhone.Build.0 = Subvencion|Any CPU
		{FC7A5ACD-EF6B-4621-98C0-853B0F11BE9D}.Subvencion|iPhoneSimulator.ActiveCfg = Subvencion|Any CPU
		{FC7A5ACD-EF6B-4621-98C0-853B0F11BE9D}.Subvencion|iPhoneSimulator.Build.0 = Subvencion|Any CPU
		{FC7A5ACD-EF6B-4621-98C0-853B0F11BE9D}.Subvencion|x64.ActiveCfg = Subvencion|Any CPU
		{FC7A5ACD-EF6B-4621-98C0-853B0F11BE9D}.Subvencion|x64.Build.0 = Subvencion|Any CPU
		{FC7A5ACD-EF6B-4621-98C0-853B0F11BE9D}.Subvencion|x86.ActiveCfg = Subvencion|Any CPU
		{FC7A5ACD-EF6B-4621-98C0-853B0F11BE9D}.Subvencion|x86.Build.0 = Subvencion|Any CPU
		{D4026400-7BAB-451D-BA33-D80283E6D48A}.Ad-Hoc|Any CPU.ActiveCfg = localhost|Any CPU
		{D4026400-7BAB-451D-BA33-D80283E6D48A}.Ad-Hoc|Any CPU.Build.0 = localhost|Any CPU
		{D4026400-7BAB-451D-BA33-D80283E6D48A}.Ad-Hoc|ARM.ActiveCfg = localhost|Any CPU
		{D4026400-7BAB-451D-BA33-D80283E6D48A}.Ad-Hoc|ARM.Build.0 = localhost|Any CPU
		{D4026400-7BAB-451D-BA33-D80283E6D48A}.Ad-Hoc|iPhone.ActiveCfg = localhost|Any CPU
		{D4026400-7BAB-451D-BA33-D80283E6D48A}.Ad-Hoc|iPhone.Build.0 = localhost|Any CPU
		{D4026400-7BAB-451D-BA33-D80283E6D48A}.Ad-Hoc|iPhoneSimulator.ActiveCfg = localhost|Any CPU
		{D4026400-7BAB-451D-BA33-D80283E6D48A}.Ad-Hoc|iPhoneSimulator.Build.0 = localhost|Any CPU
		{D4026400-7BAB-451D-BA33-D80283E6D48A}.Ad-Hoc|x64.ActiveCfg = localhost|Any CPU
		{D4026400-7BAB-451D-BA33-D80283E6D48A}.Ad-Hoc|x64.Build.0 = localhost|Any CPU
		{D4026400-7BAB-451D-BA33-D80283E6D48A}.Ad-Hoc|x86.ActiveCfg = localhost|Any CPU
		{D4026400-7BAB-451D-BA33-D80283E6D48A}.Ad-Hoc|x86.Build.0 = localhost|Any CPU
		{D4026400-7BAB-451D-BA33-D80283E6D48A}.AppStore|Any CPU.ActiveCfg = localhost|Any CPU
		{D4026400-7BAB-451D-BA33-D80283E6D48A}.AppStore|Any CPU.Build.0 = localhost|Any CPU
		{D4026400-7BAB-451D-BA33-D80283E6D48A}.AppStore|ARM.ActiveCfg = localhost|Any CPU
		{D4026400-7BAB-451D-BA33-D80283E6D48A}.AppStore|ARM.Build.0 = localhost|Any CPU
		{D4026400-7BAB-451D-BA33-D80283E6D48A}.AppStore|iPhone.ActiveCfg = localhost|Any CPU
		{D4026400-7BAB-451D-BA33-D80283E6D48A}.AppStore|iPhone.Build.0 = localhost|Any CPU
		{D4026400-7BAB-451D-BA33-D80283E6D48A}.AppStore|iPhoneSimulator.ActiveCfg = localhost|Any CPU
		{D4026400-7BAB-451D-BA33-D80283E6D48A}.AppStore|iPhoneSimulator.Build.0 = localhost|Any CPU
		{D4026400-7BAB-451D-BA33-D80283E6D48A}.AppStore|x64.ActiveCfg = localhost|Any CPU
		{D4026400-7BAB-451D-BA33-D80283E6D48A}.AppStore|x64.Build.0 = localhost|Any CPU
		{D4026400-7BAB-451D-BA33-D80283E6D48A}.AppStore|x86.ActiveCfg = localhost|Any CPU
		{D4026400-7BAB-451D-BA33-D80283E6D48A}.AppStore|x86.Build.0 = localhost|Any CPU
		{D4026400-7BAB-451D-BA33-D80283E6D48A}.Azure|Any CPU.ActiveCfg = Release|Any CPU
		{D4026400-7BAB-451D-BA33-D80283E6D48A}.Azure|Any CPU.Build.0 = Release|Any CPU
		{D4026400-7BAB-451D-BA33-D80283E6D48A}.Azure|ARM.ActiveCfg = localhost|Any CPU
		{D4026400-7BAB-451D-BA33-D80283E6D48A}.Azure|ARM.Build.0 = localhost|Any CPU
		{D4026400-7BAB-451D-BA33-D80283E6D48A}.Azure|iPhone.ActiveCfg = localhost|Any CPU
		{D4026400-7BAB-451D-BA33-D80283E6D48A}.Azure|iPhone.Build.0 = localhost|Any CPU
		{D4026400-7BAB-451D-BA33-D80283E6D48A}.Azure|iPhoneSimulator.ActiveCfg = localhost|Any CPU
		{D4026400-7BAB-451D-BA33-D80283E6D48A}.Azure|iPhoneSimulator.Build.0 = localhost|Any CPU
		{D4026400-7BAB-451D-BA33-D80283E6D48A}.Azure|x64.ActiveCfg = Release|Any CPU
		{D4026400-7BAB-451D-BA33-D80283E6D48A}.Azure|x64.Build.0 = Release|Any CPU
		{D4026400-7BAB-451D-BA33-D80283E6D48A}.Azure|x86.ActiveCfg = Release|Any CPU
		{D4026400-7BAB-451D-BA33-D80283E6D48A}.Azure|x86.Build.0 = Release|Any CPU
		{D4026400-7BAB-451D-BA33-D80283E6D48A}.Debug|Any CPU.ActiveCfg = Debug|Any CPU
		{D4026400-7BAB-451D-BA33-D80283E6D48A}.Debug|Any CPU.Build.0 = Debug|Any CPU
		{D4026400-7BAB-451D-BA33-D80283E6D48A}.Debug|ARM.ActiveCfg = Debug|Any CPU
		{D4026400-7BAB-451D-BA33-D80283E6D48A}.Debug|ARM.Build.0 = Debug|Any CPU
		{D4026400-7BAB-451D-BA33-D80283E6D48A}.Debug|iPhone.ActiveCfg = Debug|Any CPU
		{D4026400-7BAB-451D-BA33-D80283E6D48A}.Debug|iPhone.Build.0 = Debug|Any CPU
		{D4026400-7BAB-451D-BA33-D80283E6D48A}.Debug|iPhoneSimulator.ActiveCfg = Debug|Any CPU
		{D4026400-7BAB-451D-BA33-D80283E6D48A}.Debug|iPhoneSimulator.Build.0 = Debug|Any CPU
		{D4026400-7BAB-451D-BA33-D80283E6D48A}.Debug|x64.ActiveCfg = Debug|Any CPU
		{D4026400-7BAB-451D-BA33-D80283E6D48A}.Debug|x64.Build.0 = Debug|Any CPU
		{D4026400-7BAB-451D-BA33-D80283E6D48A}.Debug|x86.ActiveCfg = Debug|Any CPU
		{D4026400-7BAB-451D-BA33-D80283E6D48A}.Debug|x86.Build.0 = Debug|Any CPU
		{D4026400-7BAB-451D-BA33-D80283E6D48A}.localhost|Any CPU.ActiveCfg = localhost|Any CPU
		{D4026400-7BAB-451D-BA33-D80283E6D48A}.localhost|Any CPU.Build.0 = localhost|Any CPU
		{D4026400-7BAB-451D-BA33-D80283E6D48A}.localhost|ARM.ActiveCfg = localhost|Any CPU
		{D4026400-7BAB-451D-BA33-D80283E6D48A}.localhost|ARM.Build.0 = localhost|Any CPU
		{D4026400-7BAB-451D-BA33-D80283E6D48A}.localhost|iPhone.ActiveCfg = localhost|Any CPU
		{D4026400-7BAB-451D-BA33-D80283E6D48A}.localhost|iPhone.Build.0 = localhost|Any CPU
		{D4026400-7BAB-451D-BA33-D80283E6D48A}.localhost|iPhoneSimulator.ActiveCfg = localhost|Any CPU
		{D4026400-7BAB-451D-BA33-D80283E6D48A}.localhost|iPhoneSimulator.Build.0 = localhost|Any CPU
		{D4026400-7BAB-451D-BA33-D80283E6D48A}.localhost|x64.ActiveCfg = localhost|Any CPU
		{D4026400-7BAB-451D-BA33-D80283E6D48A}.localhost|x64.Build.0 = localhost|Any CPU
		{D4026400-7BAB-451D-BA33-D80283E6D48A}.localhost|x86.ActiveCfg = localhost|Any CPU
		{D4026400-7BAB-451D-BA33-D80283E6D48A}.localhost|x86.Build.0 = localhost|Any CPU
		{D4026400-7BAB-451D-BA33-D80283E6D48A}.Release|Any CPU.ActiveCfg = Release|Any CPU
		{D4026400-7BAB-451D-BA33-D80283E6D48A}.Release|Any CPU.Build.0 = Release|Any CPU
		{D4026400-7BAB-451D-BA33-D80283E6D48A}.Release|ARM.ActiveCfg = Release|Any CPU
		{D4026400-7BAB-451D-BA33-D80283E6D48A}.Release|ARM.Build.0 = Release|Any CPU
		{D4026400-7BAB-451D-BA33-D80283E6D48A}.Release|iPhone.ActiveCfg = Release|Any CPU
		{D4026400-7BAB-451D-BA33-D80283E6D48A}.Release|iPhone.Build.0 = Release|Any CPU
		{D4026400-7BAB-451D-BA33-D80283E6D48A}.Release|iPhoneSimulator.ActiveCfg = Release|Any CPU
		{D4026400-7BAB-451D-BA33-D80283E6D48A}.Release|iPhoneSimulator.Build.0 = Release|Any CPU
		{D4026400-7BAB-451D-BA33-D80283E6D48A}.Release|x64.ActiveCfg = Release|Any CPU
		{D4026400-7BAB-451D-BA33-D80283E6D48A}.Release|x64.Build.0 = Release|Any CPU
		{D4026400-7BAB-451D-BA33-D80283E6D48A}.Release|x86.ActiveCfg = Release|Any CPU
		{D4026400-7BAB-451D-BA33-D80283E6D48A}.Release|x86.Build.0 = Release|Any CPU
		{D4026400-7BAB-451D-BA33-D80283E6D48A}.Subvencion|Any CPU.ActiveCfg = Release|Any CPU
		{D4026400-7BAB-451D-BA33-D80283E6D48A}.Subvencion|Any CPU.Build.0 = Release|Any CPU
		{D4026400-7BAB-451D-BA33-D80283E6D48A}.Subvencion|ARM.ActiveCfg = localhost|Any CPU
		{D4026400-7BAB-451D-BA33-D80283E6D48A}.Subvencion|ARM.Build.0 = localhost|Any CPU
		{D4026400-7BAB-451D-BA33-D80283E6D48A}.Subvencion|iPhone.ActiveCfg = localhost|Any CPU
		{D4026400-7BAB-451D-BA33-D80283E6D48A}.Subvencion|iPhone.Build.0 = localhost|Any CPU
		{D4026400-7BAB-451D-BA33-D80283E6D48A}.Subvencion|iPhoneSimulator.ActiveCfg = localhost|Any CPU
		{D4026400-7BAB-451D-BA33-D80283E6D48A}.Subvencion|iPhoneSimulator.Build.0 = localhost|Any CPU
		{D4026400-7BAB-451D-BA33-D80283E6D48A}.Subvencion|x64.ActiveCfg = Release|Any CPU
		{D4026400-7BAB-451D-BA33-D80283E6D48A}.Subvencion|x64.Build.0 = Release|Any CPU
		{D4026400-7BAB-451D-BA33-D80283E6D48A}.Subvencion|x86.ActiveCfg = Release|Any CPU
		{D4026400-7BAB-451D-BA33-D80283E6D48A}.Subvencion|x86.Build.0 = Release|Any CPU
	EndGlobalSection
	GlobalSection(SolutionProperties) = preSolution
		HideSolutionNode = FALSE
	EndGlobalSection
	GlobalSection(NestedProjects) = preSolution
		{50E2647E-C730-49BE-8BB2-1CBCD8A14B9F} = {5FFF4872-B875-4B4F-BE9A-87F588B53E61}
		{05B45CAD-4AA8-4DA5-A87C-F0F918114A26} = {807AEA26-BD93-4B53-AD80-41D391C666BC}
		{4A84430E-751E-4A57-8779-6E989F778C3A} = {50E2647E-C730-49BE-8BB2-1CBCD8A14B9F}
		{F4B6CC7E-CF15-4E25-BBAF-86CFFD667821} = {807AEA26-BD93-4B53-AD80-41D391C666BC}
		{A6E67FCF-2188-4C07-8C0C-F9E94F054D20} = {3079BEE4-3FEA-4210-AE6F-9093D044E4C0}
		{7C03697D-141D-471C-A9A6-F9497BB9D7DC} = {807AEA26-BD93-4B53-AD80-41D391C666BC}
		{51AC93D0-ED0F-4C46-BE6A-BB06C8F5C4F7} = {3079BEE4-3FEA-4210-AE6F-9093D044E4C0}
		{0F590BB4-E818-4A30-8AE0-A0D0895E5C92} = {807AEA26-BD93-4B53-AD80-41D391C666BC}
		{9BFE13A6-F5D9-41F7-B3ED-32CC890BBC75} = {50E2647E-C730-49BE-8BB2-1CBCD8A14B9F}
		{7EE43124-0088-40B5-B777-DD164CA282DF} = {5FFF4872-B875-4B4F-BE9A-87F588B53E61}
		{FC7A5ACD-EF6B-4621-98C0-853B0F11BE9D} = {50E2647E-C730-49BE-8BB2-1CBCD8A14B9F}
		{D4026400-7BAB-451D-BA33-D80283E6D48A} = {50E2647E-C730-49BE-8BB2-1CBCD8A14B9F}
	EndGlobalSection
	GlobalSection(ExtensibilityGlobals) = postSolution
		SolutionGuid = {F3CAF04A-8AD2-46B4-A928-357B2FB38AFC}
	EndGlobalSection
EndGlobal
